// !$*UTF8*$!
{
	archiveVersion = 1;
	classes = {
	};
	objectVersion = 46;
	objects = {

/* Begin PBXBuildFile section */
		8946B5CC1C63B1D10042A370 /* BiliBiliSearchViewModel.m in Sources */ = {isa = PBXBuildFile; fileRef = 8946B5CB1C63B1D10042A370 /* BiliBiliSearchViewModel.m */; settings = {ASSET_TAGS = (); }; };
		8951A1DA1C8073AD002472AD /* DownLoadOtherDanmakuViewController.m in Sources */ = {isa = PBXBuildFile; fileRef = 8951A1D91C8073AD002472AD /* DownLoadOtherDanmakuViewController.m */; settings = {ASSET_TAGS = (); }; };
		895A2B7C1C6D9E3F000FE343 /* OnlyButtonCell.m in Sources */ = {isa = PBXBuildFile; fileRef = 895A2B7B1C6D9E3F000FE343 /* OnlyButtonCell.m */; settings = {ASSET_TAGS = (); }; };
		896156811C6C50570016792B /* PlayerHUDMessageView.m in Sources */ = {isa = PBXBuildFile; fileRef = 896156801C6C50570016792B /* PlayerHUDMessageView.m */; settings = {ASSET_TAGS = (); }; };
		896347901C6860A000EF63E5 /* NSButton+Tools.m in Sources */ = {isa = PBXBuildFile; fileRef = 8963478F1C6860A000EF63E5 /* NSButton+Tools.m */; settings = {ASSET_TAGS = (); }; };
		89636FD11C58C40B002F32FD /* AppDelegate.m in Sources */ = {isa = PBXBuildFile; fileRef = 89636FD01C58C40B002F32FD /* AppDelegate.m */; };
		89636FD41C58C40B002F32FD /* main.m in Sources */ = {isa = PBXBuildFile; fileRef = 89636FD31C58C40B002F32FD /* main.m */; };
		89636FD91C58C40B002F32FD /* Assets.xcassets in Resources */ = {isa = PBXBuildFile; fileRef = 89636FD81C58C40B002F32FD /* Assets.xcassets */; };
		89636FDC1C58C40B002F32FD /* Main.storyboard in Resources */ = {isa = PBXBuildFile; fileRef = 89636FDA1C58C40B002F32FD /* Main.storyboard */; };
		8963703A1C58FCDF002F32FD /* VLCKit.framework in Frameworks */ = {isa = PBXBuildFile; fileRef = 896370391C58FCDF002F32FD /* VLCKit.framework */; };
		8963703B1C58FCDF002F32FD /* VLCKit.framework in Embed Frameworks */ = {isa = PBXBuildFile; fileRef = 896370391C58FCDF002F32FD /* VLCKit.framework */; settings = {ATTRIBUTES = (CodeSignOnCopy, RemoveHeadersOnCopy, ); }; };
		896370571C59028C002F32FD /* BaseNetManager.m in Sources */ = {isa = PBXBuildFile; fileRef = 896370501C59028C002F32FD /* BaseNetManager.m */; settings = {ASSET_TAGS = (); }; };
		896370581C59028C002F32FD /* DanMuNetManager.m in Sources */ = {isa = PBXBuildFile; fileRef = 896370521C59028C002F32FD /* DanMuNetManager.m */; settings = {ASSET_TAGS = (); }; };
		896370591C59028C002F32FD /* MatchNetManager.m in Sources */ = {isa = PBXBuildFile; fileRef = 896370541C59028C002F32FD /* MatchNetManager.m */; settings = {ASSET_TAGS = (); }; };
		8963705A1C59028C002F32FD /* SearchNetManager.m in Sources */ = {isa = PBXBuildFile; fileRef = 896370561C59028C002F32FD /* SearchNetManager.m */; settings = {ASSET_TAGS = (); }; };
		896370C21C59099C002F32FD /* DanMuDataFormatter.m in Sources */ = {isa = PBXBuildFile; fileRef = 896370C11C59099C002F32FD /* DanMuDataFormatter.m */; settings = {ASSET_TAGS = (); }; };
		89651E3D1C5F81E4002F23A2 /* BackGroundImageView.m in Sources */ = {isa = PBXBuildFile; fileRef = 89651E3C1C5F81E4002F23A2 /* BackGroundImageView.m */; settings = {ASSET_TAGS = (); }; };
		89651E401C5F8A9E002F23A2 /* JHProgressHUD.m in Sources */ = {isa = PBXBuildFile; fileRef = 89651E3F1C5F8A9E002F23A2 /* JHProgressHUD.m */; settings = {ASSET_TAGS = (); }; };
		89651E491C5FA837002F23A2 /* NSColor+Tools.m in Sources */ = {isa = PBXBuildFile; fileRef = 89651E481C5FA837002F23A2 /* NSColor+Tools.m */; settings = {ASSET_TAGS = (); }; };
		8965EE371C6DB8590089E187 /* PreferenceViewController.m in Sources */ = {isa = PBXBuildFile; fileRef = 8965EE361C6DB8590089E187 /* PreferenceViewController.m */; settings = {ASSET_TAGS = (); }; };
		8965EE3A1C6DBCDD0089E187 /* PreferenceViewModel.m in Sources */ = {isa = PBXBuildFile; fileRef = 8965EE391C6DBCDD0089E187 /* PreferenceViewModel.m */; settings = {ASSET_TAGS = (); }; };
		896A716A1C66248800280B79 /* AcFunSearchViewModel.m in Sources */ = {isa = PBXBuildFile; fileRef = 896A71691C66248800280B79 /* AcFunSearchViewModel.m */; settings = {ASSET_TAGS = (); }; };
		896A716D1C66276C00280B79 /* ThirdPartySearchViewModel.m in Sources */ = {isa = PBXBuildFile; fileRef = 896A716C1C66276C00280B79 /* ThirdPartySearchViewModel.m */; settings = {ASSET_TAGS = (); }; };
		896A71731C6641C700280B79 /* ThirdPartyDanMuChooseViewModel.m in Sources */ = {isa = PBXBuildFile; fileRef = 896A71721C6641C700280B79 /* ThirdPartyDanMuChooseViewModel.m */; settings = {ASSET_TAGS = (); }; };
		896A71771C66421500280B79 /* AcFunDanMuChooseViewModel.m in Sources */ = {isa = PBXBuildFile; fileRef = 896A71761C66421500280B79 /* AcFunDanMuChooseViewModel.m */; settings = {ASSET_TAGS = (); }; };
		896AEA931C7CB8680011E046 /* PlayerViewControllerMethodManager.m in Sources */ = {isa = PBXBuildFile; fileRef = 896AEA921C7CB8680011E046 /* PlayerViewControllerMethodManager.m */; settings = {ASSET_TAGS = (); }; };
		897345B41C7571EC00F64D39 /* PlayerHoldView.m in Sources */ = {isa = PBXBuildFile; fileRef = 897345B31C7571EC00F64D39 /* PlayerHoldView.m */; settings = {ASSET_TAGS = (); }; };
		897345BD1C759CB200F64D39 /* NSArray+Tools.m in Sources */ = {isa = PBXBuildFile; fileRef = 897345B61C759CB200F64D39 /* NSArray+Tools.m */; settings = {ASSET_TAGS = (); }; };
		897345BE1C759CB200F64D39 /* NSData+Tools.m in Sources */ = {isa = PBXBuildFile; fileRef = 897345B81C759CB200F64D39 /* NSData+Tools.m */; settings = {ASSET_TAGS = (); }; };
		897345BF1C759CB200F64D39 /* NSDictionary+Tools.m in Sources */ = {isa = PBXBuildFile; fileRef = 897345BA1C759CB200F64D39 /* NSDictionary+Tools.m */; settings = {ASSET_TAGS = (); }; };
		897345C01C759CB200F64D39 /* NSString+Tools.m in Sources */ = {isa = PBXBuildFile; fileRef = 897345BC1C759CB200F64D39 /* NSString+Tools.m */; settings = {ASSET_TAGS = (); }; };
		897368031C70392000B9B765 /* defaultKeyMap.plist in Resources */ = {isa = PBXBuildFile; fileRef = 897368021C70392000B9B765 /* defaultKeyMap.plist */; settings = {ASSET_TAGS = (); }; };
		8973680A1C70483000B9B765 /* GetKeyViewController.m in Sources */ = {isa = PBXBuildFile; fileRef = 897368081C70483000B9B765 /* GetKeyViewController.m */; settings = {ASSET_TAGS = (); }; };
		8973680B1C70483000B9B765 /* GetKeyViewController.xib in Resources */ = {isa = PBXBuildFile; fileRef = 897368091C70483000B9B765 /* GetKeyViewController.xib */; settings = {ASSET_TAGS = (); }; };
		897368111C70708A00B9B765 /* NSString+KeyEvent.m in Sources */ = {isa = PBXBuildFile; fileRef = 897368101C70708A00B9B765 /* NSString+KeyEvent.m */; settings = {ASSET_TAGS = (); }; };
		897368141C70974400B9B765 /* UserDefaultManager.m in Sources */ = {isa = PBXBuildFile; fileRef = 897368131C70974400B9B765 /* UserDefaultManager.m */; settings = {ASSET_TAGS = (); }; };
		897548571C61C70A0075436B /* JHVLCMedia.m in Sources */ = {isa = PBXBuildFile; fileRef = 897548561C61C70A0075436B /* JHVLCMedia.m */; settings = {ASSET_TAGS = (); }; };
		8975485D1C625B3B0075436B /* PlayerHUDControl.m in Sources */ = {isa = PBXBuildFile; fileRef = 8975485C1C625B3B0075436B /* PlayerHUDControl.m */; settings = {ASSET_TAGS = (); }; };
		8975A0AC1C60A03A009BD30F /* PlayerSlideView.m in Sources */ = {isa = PBXBuildFile; fileRef = 8975A0A81C60A03A009BD30F /* PlayerSlideView.m */; settings = {ASSET_TAGS = (); }; };
		8975A0AD1C60A03A009BD30F /* PlayerViewController.m in Sources */ = {isa = PBXBuildFile; fileRef = 8975A0AA1C60A03A009BD30F /* PlayerViewController.m */; settings = {ASSET_TAGS = (); }; };
		8975A0AE1C60A03A009BD30F /* PlayerViewController.xib in Resources */ = {isa = PBXBuildFile; fileRef = 8975A0AB1C60A03A009BD30F /* PlayerViewController.xib */; settings = {ASSET_TAGS = (); }; };
		8975A0B11C60A8EA009BD30F /* DanMuChooseViewController.m in Sources */ = {isa = PBXBuildFile; fileRef = 8975A0B01C60A8EA009BD30F /* DanMuChooseViewController.m */; settings = {ASSET_TAGS = (); }; };
		8975D1CE1C6ECDAB003FE797 /* ThirdPartySearchVideoInfoView.m in Sources */ = {isa = PBXBuildFile; fileRef = 8975D1CD1C6ECDAB003FE797 /* ThirdPartySearchVideoInfoView.m */; settings = {ASSET_TAGS = (); }; };
		8975D1D61C6EF173003FE797 /* FontSpeciallyCell.m in Sources */ = {isa = PBXBuildFile; fileRef = 8975D1D51C6EF173003FE797 /* FontSpeciallyCell.m */; settings = {ASSET_TAGS = (); }; };
		8975D1D91C6EF4DF003FE797 /* SliderWithTickCell.m in Sources */ = {isa = PBXBuildFile; fileRef = 8975D1D81C6EF4DF003FE797 /* SliderWithTickCell.m */; settings = {ASSET_TAGS = (); }; };
		8975D1DC1C6EF634003FE797 /* ChangeFontCell.m in Sources */ = {isa = PBXBuildFile; fileRef = 8975D1DB1C6EF634003FE797 /* ChangeFontCell.m */; settings = {ASSET_TAGS = (); }; };
		8975D1DF1C6EF939003FE797 /* CaptionsProtectAreaCell.m in Sources */ = {isa = PBXBuildFile; fileRef = 8975D1DE1C6EF939003FE797 /* CaptionsProtectAreaCell.m */; settings = {ASSET_TAGS = (); }; };
		8975D1E31C6F2434003FE797 /* ChangeBackGroundImgCell.m in Sources */ = {isa = PBXBuildFile; fileRef = 8975D1E21C6F2434003FE797 /* ChangeBackGroundImgCell.m */; settings = {ASSET_TAGS = (); }; };
		8975D1E61C6F2A20003FE797 /* DanMuFilterCell.m in Sources */ = {isa = PBXBuildFile; fileRef = 8975D1E51C6F2A20003FE797 /* DanMuFilterCell.m */; settings = {ASSET_TAGS = (); }; };
		8975D1EA1C6F2B59003FE797 /* UseFilterExpressionCell.m in Sources */ = {isa = PBXBuildFile; fileRef = 8975D1E91C6F2B59003FE797 /* UseFilterExpressionCell.m */; settings = {ASSET_TAGS = (); }; };
		8975D1ED1C6F355D003FE797 /* KeyboardSettingCell.m in Sources */ = {isa = PBXBuildFile; fileRef = 8975D1EC1C6F355D003FE797 /* KeyboardSettingCell.m */; settings = {ASSET_TAGS = (); }; };
		897619ED1C59E8520046A245 /* BaseViewModel.m in Sources */ = {isa = PBXBuildFile; fileRef = 897619E21C59E8520046A245 /* BaseViewModel.m */; settings = {ASSET_TAGS = (); }; };
		897619F01C59E8520046A245 /* MatchViewModel.m in Sources */ = {isa = PBXBuildFile; fileRef = 897619E81C59E8520046A245 /* MatchViewModel.m */; settings = {ASSET_TAGS = (); }; };
		897619F11C59E8520046A245 /* PlayViewModel.m in Sources */ = {isa = PBXBuildFile; fileRef = 897619EA1C59E8520046A245 /* PlayViewModel.m */; settings = {ASSET_TAGS = (); }; };
		897619F21C59E8520046A245 /* SearchViewModel.m in Sources */ = {isa = PBXBuildFile; fileRef = 897619EC1C59E8520046A245 /* SearchViewModel.m */; settings = {ASSET_TAGS = (); }; };
		897619F91C59EDBC0046A245 /* DanMuChooseViewModel.m in Sources */ = {isa = PBXBuildFile; fileRef = 897619F81C59EDBC0046A245 /* DanMuChooseViewModel.m */; settings = {ASSET_TAGS = (); }; };
		89761A091C5A5E750046A245 /* MatchViewController.m in Sources */ = {isa = PBXBuildFile; fileRef = 89761A081C5A5E750046A245 /* MatchViewController.m */; settings = {ASSET_TAGS = (); }; };
		89761A1C1C5A7B8B0046A245 /* ColorButton.m in Sources */ = {isa = PBXBuildFile; fileRef = 89761A1B1C5A7B8B0046A245 /* ColorButton.m */; settings = {ASSET_TAGS = (); }; };
		89788D361C5E3DB100CA31EF /* SearchViewController.m in Sources */ = {isa = PBXBuildFile; fileRef = 89788D351C5E3DB100CA31EF /* SearchViewController.m */; settings = {ASSET_TAGS = (); }; };
		897EC7C51C72056A00E1B03D /* BaseModel.m in Sources */ = {isa = PBXBuildFile; fileRef = 897EC7B81C72056A00E1B03D /* BaseModel.m */; settings = {ASSET_TAGS = (); }; };
		897EC7C61C72056A00E1B03D /* DanMuModel.m in Sources */ = {isa = PBXBuildFile; fileRef = 897EC7BA1C72056A00E1B03D /* DanMuModel.m */; settings = {ASSET_TAGS = (); }; };
		897EC7C71C72056A00E1B03D /* LocalVideoModel.m in Sources */ = {isa = PBXBuildFile; fileRef = 897EC7BC1C72056A00E1B03D /* LocalVideoModel.m */; settings = {ASSET_TAGS = (); }; };
		897EC7C81C72056A00E1B03D /* MatchModel.m in Sources */ = {isa = PBXBuildFile; fileRef = 897EC7BE1C72056A00E1B03D /* MatchModel.m */; settings = {ASSET_TAGS = (); }; };
		897EC7C91C72056A00E1B03D /* SearchModel.m in Sources */ = {isa = PBXBuildFile; fileRef = 897EC7C01C72056A00E1B03D /* SearchModel.m */; settings = {ASSET_TAGS = (); }; };
		897EC7CA1C72056A00E1B03D /* ShiBanModel.m in Sources */ = {isa = PBXBuildFile; fileRef = 897EC7C21C72056A00E1B03D /* ShiBanModel.m */; settings = {ASSET_TAGS = (); }; };
		897EC7CB1C72056A00E1B03D /* VideoInfoModel.m in Sources */ = {isa = PBXBuildFile; fileRef = 897EC7C41C72056A00E1B03D /* VideoInfoModel.m */; settings = {ASSET_TAGS = (); }; };
		897ECC571C749233008AA5DB /* PlayerListTableView.m in Sources */ = {isa = PBXBuildFile; fileRef = 897ECC561C749233008AA5DB /* PlayerListTableView.m */; settings = {ASSET_TAGS = (); }; };
		897ECC5A1C74C9F9008AA5DB /* DanMuFastMatchCell.m in Sources */ = {isa = PBXBuildFile; fileRef = 897ECC591C74C9F9008AA5DB /* DanMuFastMatchCell.m */; settings = {ASSET_TAGS = (); }; };
		8983C76D1C8819CC0080C316 /* NSData+DanDanPlay.m in Sources */ = {isa = PBXBuildFile; fileRef = 8983C76C1C8819CC0080C316 /* NSData+DanDanPlay.m */; settings = {ASSET_TAGS = (); }; };
		8983C7751C8853B40080C316 /* danmakuColor.plist in Resources */ = {isa = PBXBuildFile; fileRef = 8983C7741C8853B40080C316 /* danmakuColor.plist */; settings = {ASSET_TAGS = (); }; };
		8995C9911C648607008C1C02 /* ThirdPartySearchViewController.m in Sources */ = {isa = PBXBuildFile; fileRef = 8995C9901C648607008C1C02 /* ThirdPartySearchViewController.m */; settings = {ASSET_TAGS = (); }; };
		8995C9971C64F6F8008C1C02 /* ThirdPartyDanMuChooseViewController.m in Sources */ = {isa = PBXBuildFile; fileRef = 8995C9961C64F6F8008C1C02 /* ThirdPartyDanMuChooseViewController.m */; settings = {ASSET_TAGS = (); }; };
		8995C99A1C64F7FF008C1C02 /* BiliBiliDanMuChooseViewModel.m in Sources */ = {isa = PBXBuildFile; fileRef = 8995C9991C64F7FF008C1C02 /* BiliBiliDanMuChooseViewModel.m */; settings = {ASSET_TAGS = (); }; };
		8996A6DA1C6CC03000D5AA6E /* HideDanMuAndCloseCell.m in Sources */ = {isa = PBXBuildFile; fileRef = 8996A6D91C6CC03000D5AA6E /* HideDanMuAndCloseCell.m */; settings = {ASSET_TAGS = (); }; };
		8996A6E01C6CD95A00D5AA6E /* SliderControlCell.m in Sources */ = {isa = PBXBuildFile; fileRef = 8996A6DF1C6CD95A00D5AA6E /* SliderControlCell.m */; settings = {ASSET_TAGS = (); }; };
		8996A6E31C6CE18200D5AA6E /* TimeAxisCell.m in Sources */ = {isa = PBXBuildFile; fileRef = 8996A6E21C6CE18200D5AA6E /* TimeAxisCell.m */; settings = {ASSET_TAGS = (); }; };
		89A164BE1C6329AA00C0033F /* VLCMedia+Tools.m in Sources */ = {isa = PBXBuildFile; fileRef = 89A164BD1C6329AA00C0033F /* VLCMedia+Tools.m */; settings = {ASSET_TAGS = (); }; };
		89B585141C7D999F0076FB26 /* FloatDanmaku.m in Sources */ = {isa = PBXBuildFile; fileRef = 89B585071C7D999F0076FB26 /* FloatDanmaku.m */; settings = {ASSET_TAGS = (); }; };
		89B585151C7D999F0076FB26 /* ParentDanmaku.m in Sources */ = {isa = PBXBuildFile; fileRef = 89B585091C7D999F0076FB26 /* ParentDanmaku.m */; settings = {ASSET_TAGS = (); }; };
		89B585161C7D999F0076FB26 /* ScrollDanmaku.m in Sources */ = {isa = PBXBuildFile; fileRef = 89B5850B1C7D999F0076FB26 /* ScrollDanmaku.m */; settings = {ASSET_TAGS = (); }; };
		89B585171C7D999F0076FB26 /* DanmakuContainer.m in Sources */ = {isa = PBXBuildFile; fileRef = 89B5850D1C7D999F0076FB26 /* DanmakuContainer.m */; settings = {ASSET_TAGS = (); }; };
		89B585181C7D999F0076FB26 /* JHDanmakuClock.m in Sources */ = {isa = PBXBuildFile; fileRef = 89B5850F1C7D999F0076FB26 /* JHDanmakuClock.m */; settings = {ASSET_TAGS = (); }; };
		89B585191C7D999F0076FB26 /* JHDanmakuEngine.m in Sources */ = {isa = PBXBuildFile; fileRef = 89B585111C7D999F0076FB26 /* JHDanmakuEngine.m */; settings = {ASSET_TAGS = (); }; };
		89B5851A1C7D999F0076FB26 /* JHDisplayLink.m in Sources */ = {isa = PBXBuildFile; fileRef = 89B585131C7D999F0076FB26 /* JHDisplayLink.m */; settings = {ASSET_TAGS = (); }; };
		89B585211C7D9D1B0076FB26 /* JHDanmakuEngine+Tools.m in Sources */ = {isa = PBXBuildFile; fileRef = 89B585201C7D9D1B0076FB26 /* JHDanmakuEngine+Tools.m */; settings = {ASSET_TAGS = (); }; };
		89B585241C7D9FF50076FB26 /* JHDanmakuCanvas.m in Sources */ = {isa = PBXBuildFile; fileRef = 89B585231C7D9FF50076FB26 /* JHDanmakuCanvas.m */; settings = {ASSET_TAGS = (); }; };
		89B5854B1C7E07270076FB26 /* FilterNetManager.m in Sources */ = {isa = PBXBuildFile; fileRef = 89B5854A1C7E07270076FB26 /* FilterNetManager.m */; settings = {ASSET_TAGS = (); }; };
		89C04B761C591E5700225ABA /* MainViewController.m in Sources */ = {isa = PBXBuildFile; fileRef = 89C04B751C591E5700225ABA /* MainViewController.m */; settings = {ASSET_TAGS = (); }; };
		89C107121C885B8100090A9A /* DanmakuColorMenuItem.m in Sources */ = {isa = PBXBuildFile; fileRef = 89C107111C885B8100090A9A /* DanmakuColorMenuItem.m */; settings = {ASSET_TAGS = (); }; };
		89C107151C885FB200090A9A /* DanmakuModeMenuItem.m in Sources */ = {isa = PBXBuildFile; fileRef = 89C107141C885FB200090A9A /* DanmakuModeMenuItem.m */; settings = {ASSET_TAGS = (); }; };
		89C107181C887EA800090A9A /* RespondKeyboardTextField.m in Sources */ = {isa = PBXBuildFile; fileRef = 89C107171C887EA800090A9A /* RespondKeyboardTextField.m */; settings = {ASSET_TAGS = (); }; };
		89E15F961C81D7320074CB55 /* RespondKeyboardSearchField.m in Sources */ = {isa = PBXBuildFile; fileRef = 89E15F951C81D7320074CB55 /* RespondKeyboardSearchField.m */; settings = {ASSET_TAGS = (); }; };
		89FC23EE1C6F3EAF009FD27C /* ScreenShotCell.m in Sources */ = {isa = PBXBuildFile; fileRef = 89FC23ED1C6F3EAF009FD27C /* ScreenShotCell.m */; settings = {ASSET_TAGS = (); }; };
		89FC23F11C6F3EC3009FD27C /* CacheManagerCell.m in Sources */ = {isa = PBXBuildFile; fileRef = 89FC23F01C6F3EC3009FD27C /* CacheManagerCell.m */; settings = {ASSET_TAGS = (); }; };
		89FE1F0B1C5E57BB00FF4586 /* DanDanSearchViewController.m in Sources */ = {isa = PBXBuildFile; fileRef = 89FE1F091C5E57BB00FF4586 /* DanDanSearchViewController.m */; settings = {ASSET_TAGS = (); }; };
		CA0DE9BDBB94BB3A6117693A /* libPods-DanDanPlayForMac.a in Frameworks */ = {isa = PBXBuildFile; fileRef = 663B9184163870AB6D8158DB /* libPods-DanDanPlayForMac.a */; };
/* End PBXBuildFile section */

/* Begin PBXCopyFilesBuildPhase section */
		896370381C58FCBF002F32FD /* Embed Frameworks */ = {
			isa = PBXCopyFilesBuildPhase;
			buildActionMask = 2147483647;
			dstPath = "";
			dstSubfolderSpec = 10;
			files = (
				8963703B1C58FCDF002F32FD /* VLCKit.framework in Embed Frameworks */,
			);
			name = "Embed Frameworks";
			runOnlyForDeploymentPostprocessing = 0;
		};
/* End PBXCopyFilesBuildPhase section */

/* Begin PBXFileReference section */
		6082462430812892B6624682 /* Pods-DanDanPlayForMac.release.xcconfig */ = {isa = PBXFileReference; includeInIndex = 1; lastKnownFileType = text.xcconfig; name = "Pods-DanDanPlayForMac.release.xcconfig"; path = "Pods/Target Support Files/Pods-DanDanPlayForMac/Pods-DanDanPlayForMac.release.xcconfig"; sourceTree = "<group>"; };
		663B9184163870AB6D8158DB /* libPods-DanDanPlayForMac.a */ = {isa = PBXFileReference; explicitFileType = archive.ar; includeInIndex = 0; path = "libPods-DanDanPlayForMac.a"; sourceTree = BUILT_PRODUCTS_DIR; };
		8946B5CA1C63B1D10042A370 /* BiliBiliSearchViewModel.h */ = {isa = PBXFileReference; fileEncoding = 4; lastKnownFileType = sourcecode.c.h; path = BiliBiliSearchViewModel.h; sourceTree = "<group>"; };
		8946B5CB1C63B1D10042A370 /* BiliBiliSearchViewModel.m */ = {isa = PBXFileReference; fileEncoding = 4; lastKnownFileType = sourcecode.c.objc; path = BiliBiliSearchViewModel.m; sourceTree = "<group>"; };
		8951A1D81C8073AD002472AD /* DownLoadOtherDanmakuViewController.h */ = {isa = PBXFileReference; fileEncoding = 4; lastKnownFileType = sourcecode.c.h; path = DownLoadOtherDanmakuViewController.h; sourceTree = "<group>"; };
		8951A1D91C8073AD002472AD /* DownLoadOtherDanmakuViewController.m */ = {isa = PBXFileReference; fileEncoding = 4; lastKnownFileType = sourcecode.c.objc; path = DownLoadOtherDanmakuViewController.m; sourceTree = "<group>"; };
		895A2B7A1C6D9E3F000FE343 /* OnlyButtonCell.h */ = {isa = PBXFileReference; fileEncoding = 4; lastKnownFileType = sourcecode.c.h; path = OnlyButtonCell.h; sourceTree = "<group>"; };
		895A2B7B1C6D9E3F000FE343 /* OnlyButtonCell.m */ = {isa = PBXFileReference; fileEncoding = 4; lastKnownFileType = sourcecode.c.objc; path = OnlyButtonCell.m; sourceTree = "<group>"; };
		8961567F1C6C50570016792B /* PlayerHUDMessageView.h */ = {isa = PBXFileReference; fileEncoding = 4; lastKnownFileType = sourcecode.c.h; path = PlayerHUDMessageView.h; sourceTree = "<group>"; };
		896156801C6C50570016792B /* PlayerHUDMessageView.m */ = {isa = PBXFileReference; fileEncoding = 4; lastKnownFileType = sourcecode.c.objc; path = PlayerHUDMessageView.m; sourceTree = "<group>"; };
		8963478E1C6860A000EF63E5 /* NSButton+Tools.h */ = {isa = PBXFileReference; fileEncoding = 4; lastKnownFileType = sourcecode.c.h; path = "NSButton+Tools.h"; sourceTree = "<group>"; };
		8963478F1C6860A000EF63E5 /* NSButton+Tools.m */ = {isa = PBXFileReference; fileEncoding = 4; lastKnownFileType = sourcecode.c.objc; path = "NSButton+Tools.m"; sourceTree = "<group>"; };
		89636FCC1C58C40B002F32FD /* DanDanPlayForMac.app */ = {isa = PBXFileReference; explicitFileType = wrapper.application; includeInIndex = 0; path = DanDanPlayForMac.app; sourceTree = BUILT_PRODUCTS_DIR; };
		89636FCF1C58C40B002F32FD /* AppDelegate.h */ = {isa = PBXFileReference; lastKnownFileType = sourcecode.c.h; path = AppDelegate.h; sourceTree = "<group>"; };
		89636FD01C58C40B002F32FD /* AppDelegate.m */ = {isa = PBXFileReference; lastKnownFileType = sourcecode.c.objc; path = AppDelegate.m; sourceTree = "<group>"; };
		89636FD31C58C40B002F32FD /* main.m */ = {isa = PBXFileReference; lastKnownFileType = sourcecode.c.objc; path = main.m; sourceTree = "<group>"; };
		89636FD81C58C40B002F32FD /* Assets.xcassets */ = {isa = PBXFileReference; lastKnownFileType = folder.assetcatalog; name = Assets.xcassets; path = ../Assets.xcassets; sourceTree = "<group>"; };
		89636FDB1C58C40B002F32FD /* Base */ = {isa = PBXFileReference; lastKnownFileType = file.storyboard; name = Base; path = Base.lproj/Main.storyboard; sourceTree = "<group>"; };
		89636FEF1C58FAD1002F32FD /* Info.plist */ = {isa = PBXFileReference; fileEncoding = 4; lastKnownFileType = text.plist.xml; path = Info.plist; sourceTree = "<group>"; };
		896370391C58FCDF002F32FD /* VLCKit.framework */ = {isa = PBXFileReference; lastKnownFileType = wrapper.framework; name = VLCKit.framework; path = ../../VLCKit.framework; sourceTree = "<group>"; };
		8963704F1C59028C002F32FD /* BaseNetManager.h */ = {isa = PBXFileReference; fileEncoding = 4; lastKnownFileType = sourcecode.c.h; path = BaseNetManager.h; sourceTree = "<group>"; };
		896370501C59028C002F32FD /* BaseNetManager.m */ = {isa = PBXFileReference; fileEncoding = 4; lastKnownFileType = sourcecode.c.objc; path = BaseNetManager.m; sourceTree = "<group>"; };
		896370511C59028C002F32FD /* DanMuNetManager.h */ = {isa = PBXFileReference; fileEncoding = 4; lastKnownFileType = sourcecode.c.h; path = DanMuNetManager.h; sourceTree = "<group>"; };
		896370521C59028C002F32FD /* DanMuNetManager.m */ = {isa = PBXFileReference; fileEncoding = 4; lastKnownFileType = sourcecode.c.objc; path = DanMuNetManager.m; sourceTree = "<group>"; };
		896370531C59028C002F32FD /* MatchNetManager.h */ = {isa = PBXFileReference; fileEncoding = 4; lastKnownFileType = sourcecode.c.h; path = MatchNetManager.h; sourceTree = "<group>"; };
		896370541C59028C002F32FD /* MatchNetManager.m */ = {isa = PBXFileReference; fileEncoding = 4; lastKnownFileType = sourcecode.c.objc; path = MatchNetManager.m; sourceTree = "<group>"; };
		896370551C59028C002F32FD /* SearchNetManager.h */ = {isa = PBXFileReference; fileEncoding = 4; lastKnownFileType = sourcecode.c.h; path = SearchNetManager.h; sourceTree = "<group>"; };
		896370561C59028C002F32FD /* SearchNetManager.m */ = {isa = PBXFileReference; fileEncoding = 4; lastKnownFileType = sourcecode.c.objc; path = SearchNetManager.m; sourceTree = "<group>"; };
		8963705B1C590424002F32FD /* PrefixHeader.pch */ = {isa = PBXFileReference; lastKnownFileType = sourcecode.c.h; path = PrefixHeader.pch; sourceTree = "<group>"; };
		896370C01C59099C002F32FD /* DanMuDataFormatter.h */ = {isa = PBXFileReference; fileEncoding = 4; lastKnownFileType = sourcecode.c.h; path = DanMuDataFormatter.h; sourceTree = "<group>"; };
		896370C11C59099C002F32FD /* DanMuDataFormatter.m */ = {isa = PBXFileReference; fileEncoding = 4; lastKnownFileType = sourcecode.c.objc; path = DanMuDataFormatter.m; sourceTree = "<group>"; };
		89651E3B1C5F81E4002F23A2 /* BackGroundImageView.h */ = {isa = PBXFileReference; fileEncoding = 4; lastKnownFileType = sourcecode.c.h; path = BackGroundImageView.h; sourceTree = "<group>"; };
		89651E3C1C5F81E4002F23A2 /* BackGroundImageView.m */ = {isa = PBXFileReference; fileEncoding = 4; lastKnownFileType = sourcecode.c.objc; path = BackGroundImageView.m; sourceTree = "<group>"; };
		89651E3E1C5F8A9E002F23A2 /* JHProgressHUD.h */ = {isa = PBXFileReference; fileEncoding = 4; lastKnownFileType = sourcecode.c.h; path = JHProgressHUD.h; sourceTree = "<group>"; };
		89651E3F1C5F8A9E002F23A2 /* JHProgressHUD.m */ = {isa = PBXFileReference; fileEncoding = 4; lastKnownFileType = sourcecode.c.objc; path = JHProgressHUD.m; sourceTree = "<group>"; };
		89651E471C5FA837002F23A2 /* NSColor+Tools.h */ = {isa = PBXFileReference; fileEncoding = 4; lastKnownFileType = sourcecode.c.h; path = "NSColor+Tools.h"; sourceTree = "<group>"; };
		89651E481C5FA837002F23A2 /* NSColor+Tools.m */ = {isa = PBXFileReference; fileEncoding = 4; lastKnownFileType = sourcecode.c.objc; path = "NSColor+Tools.m"; sourceTree = "<group>"; };
		8965EE351C6DB8590089E187 /* PreferenceViewController.h */ = {isa = PBXFileReference; fileEncoding = 4; lastKnownFileType = sourcecode.c.h; path = PreferenceViewController.h; sourceTree = "<group>"; };
		8965EE361C6DB8590089E187 /* PreferenceViewController.m */ = {isa = PBXFileReference; fileEncoding = 4; lastKnownFileType = sourcecode.c.objc; path = PreferenceViewController.m; sourceTree = "<group>"; };
		8965EE381C6DBCDD0089E187 /* PreferenceViewModel.h */ = {isa = PBXFileReference; fileEncoding = 4; lastKnownFileType = sourcecode.c.h; path = PreferenceViewModel.h; sourceTree = "<group>"; };
		8965EE391C6DBCDD0089E187 /* PreferenceViewModel.m */ = {isa = PBXFileReference; fileEncoding = 4; lastKnownFileType = sourcecode.c.objc; path = PreferenceViewModel.m; sourceTree = "<group>"; };
		896A71681C66248800280B79 /* AcFunSearchViewModel.h */ = {isa = PBXFileReference; fileEncoding = 4; lastKnownFileType = sourcecode.c.h; path = AcFunSearchViewModel.h; sourceTree = "<group>"; };
		896A71691C66248800280B79 /* AcFunSearchViewModel.m */ = {isa = PBXFileReference; fileEncoding = 4; lastKnownFileType = sourcecode.c.objc; path = AcFunSearchViewModel.m; sourceTree = "<group>"; };
		896A716B1C66276C00280B79 /* ThirdPartySearchViewModel.h */ = {isa = PBXFileReference; fileEncoding = 4; lastKnownFileType = sourcecode.c.h; path = ThirdPartySearchViewModel.h; sourceTree = "<group>"; };
		896A716C1C66276C00280B79 /* ThirdPartySearchViewModel.m */ = {isa = PBXFileReference; fileEncoding = 4; lastKnownFileType = sourcecode.c.objc; path = ThirdPartySearchViewModel.m; sourceTree = "<group>"; };
		896A71711C6641C700280B79 /* ThirdPartyDanMuChooseViewModel.h */ = {isa = PBXFileReference; fileEncoding = 4; lastKnownFileType = sourcecode.c.h; path = ThirdPartyDanMuChooseViewModel.h; sourceTree = "<group>"; };
		896A71721C6641C700280B79 /* ThirdPartyDanMuChooseViewModel.m */ = {isa = PBXFileReference; fileEncoding = 4; lastKnownFileType = sourcecode.c.objc; path = ThirdPartyDanMuChooseViewModel.m; sourceTree = "<group>"; };
		896A71751C66421500280B79 /* AcFunDanMuChooseViewModel.h */ = {isa = PBXFileReference; fileEncoding = 4; lastKnownFileType = sourcecode.c.h; path = AcFunDanMuChooseViewModel.h; sourceTree = "<group>"; };
		896A71761C66421500280B79 /* AcFunDanMuChooseViewModel.m */ = {isa = PBXFileReference; fileEncoding = 4; lastKnownFileType = sourcecode.c.objc; path = AcFunDanMuChooseViewModel.m; sourceTree = "<group>"; };
		896AEA911C7CB8680011E046 /* PlayerViewControllerMethodManager.h */ = {isa = PBXFileReference; fileEncoding = 4; lastKnownFileType = sourcecode.c.h; path = PlayerViewControllerMethodManager.h; sourceTree = "<group>"; };
		896AEA921C7CB8680011E046 /* PlayerViewControllerMethodManager.m */ = {isa = PBXFileReference; fileEncoding = 4; lastKnownFileType = sourcecode.c.objc; path = PlayerViewControllerMethodManager.m; sourceTree = "<group>"; };
		897345B21C7571EC00F64D39 /* PlayerHoldView.h */ = {isa = PBXFileReference; fileEncoding = 4; lastKnownFileType = sourcecode.c.h; path = PlayerHoldView.h; sourceTree = "<group>"; };
		897345B31C7571EC00F64D39 /* PlayerHoldView.m */ = {isa = PBXFileReference; fileEncoding = 4; lastKnownFileType = sourcecode.c.objc; path = PlayerHoldView.m; sourceTree = "<group>"; };
		897345B51C759CB200F64D39 /* NSArray+Tools.h */ = {isa = PBXFileReference; fileEncoding = 4; lastKnownFileType = sourcecode.c.h; path = "NSArray+Tools.h"; sourceTree = "<group>"; };
		897345B61C759CB200F64D39 /* NSArray+Tools.m */ = {isa = PBXFileReference; fileEncoding = 4; lastKnownFileType = sourcecode.c.objc; path = "NSArray+Tools.m"; sourceTree = "<group>"; };
		897345B71C759CB200F64D39 /* NSData+Tools.h */ = {isa = PBXFileReference; fileEncoding = 4; lastKnownFileType = sourcecode.c.h; path = "NSData+Tools.h"; sourceTree = "<group>"; };
		897345B81C759CB200F64D39 /* NSData+Tools.m */ = {isa = PBXFileReference; fileEncoding = 4; lastKnownFileType = sourcecode.c.objc; path = "NSData+Tools.m"; sourceTree = "<group>"; };
		897345B91C759CB200F64D39 /* NSDictionary+Tools.h */ = {isa = PBXFileReference; fileEncoding = 4; lastKnownFileType = sourcecode.c.h; path = "NSDictionary+Tools.h"; sourceTree = "<group>"; };
		897345BA1C759CB200F64D39 /* NSDictionary+Tools.m */ = {isa = PBXFileReference; fileEncoding = 4; lastKnownFileType = sourcecode.c.objc; path = "NSDictionary+Tools.m"; sourceTree = "<group>"; };
		897345BB1C759CB200F64D39 /* NSString+Tools.h */ = {isa = PBXFileReference; fileEncoding = 4; lastKnownFileType = sourcecode.c.h; path = "NSString+Tools.h"; sourceTree = "<group>"; };
		897345BC1C759CB200F64D39 /* NSString+Tools.m */ = {isa = PBXFileReference; fileEncoding = 4; lastKnownFileType = sourcecode.c.objc; path = "NSString+Tools.m"; sourceTree = "<group>"; };
		897368021C70392000B9B765 /* defaultKeyMap.plist */ = {isa = PBXFileReference; fileEncoding = 4; lastKnownFileType = text.plist.xml; path = defaultKeyMap.plist; sourceTree = "<group>"; };
		897368071C70483000B9B765 /* GetKeyViewController.h */ = {isa = PBXFileReference; fileEncoding = 4; lastKnownFileType = sourcecode.c.h; path = GetKeyViewController.h; sourceTree = "<group>"; };
		897368081C70483000B9B765 /* GetKeyViewController.m */ = {isa = PBXFileReference; fileEncoding = 4; lastKnownFileType = sourcecode.c.objc; path = GetKeyViewController.m; sourceTree = "<group>"; };
		897368091C70483000B9B765 /* GetKeyViewController.xib */ = {isa = PBXFileReference; fileEncoding = 4; lastKnownFileType = file.xib; path = GetKeyViewController.xib; sourceTree = "<group>"; };
		8973680F1C70708A00B9B765 /* NSString+KeyEvent.h */ = {isa = PBXFileReference; fileEncoding = 4; lastKnownFileType = sourcecode.c.h; path = "NSString+KeyEvent.h"; sourceTree = "<group>"; };
		897368101C70708A00B9B765 /* NSString+KeyEvent.m */ = {isa = PBXFileReference; fileEncoding = 4; lastKnownFileType = sourcecode.c.objc; path = "NSString+KeyEvent.m"; sourceTree = "<group>"; };
		897368121C70974400B9B765 /* UserDefaultManager.h */ = {isa = PBXFileReference; fileEncoding = 4; lastKnownFileType = sourcecode.c.h; path = UserDefaultManager.h; sourceTree = "<group>"; };
		897368131C70974400B9B765 /* UserDefaultManager.m */ = {isa = PBXFileReference; fileEncoding = 4; lastKnownFileType = sourcecode.c.objc; path = UserDefaultManager.m; sourceTree = "<group>"; };
		897548551C61C70A0075436B /* JHVLCMedia.h */ = {isa = PBXFileReference; fileEncoding = 4; lastKnownFileType = sourcecode.c.h; path = JHVLCMedia.h; sourceTree = "<group>"; };
		897548561C61C70A0075436B /* JHVLCMedia.m */ = {isa = PBXFileReference; fileEncoding = 4; lastKnownFileType = sourcecode.c.objc; path = JHVLCMedia.m; sourceTree = "<group>"; };
		8975485B1C625B3B0075436B /* PlayerHUDControl.h */ = {isa = PBXFileReference; fileEncoding = 4; lastKnownFileType = sourcecode.c.h; path = PlayerHUDControl.h; sourceTree = "<group>"; };
		8975485C1C625B3B0075436B /* PlayerHUDControl.m */ = {isa = PBXFileReference; fileEncoding = 4; lastKnownFileType = sourcecode.c.objc; path = PlayerHUDControl.m; sourceTree = "<group>"; };
		8975A0A71C60A03A009BD30F /* PlayerSlideView.h */ = {isa = PBXFileReference; fileEncoding = 4; lastKnownFileType = sourcecode.c.h; path = PlayerSlideView.h; sourceTree = "<group>"; };
		8975A0A81C60A03A009BD30F /* PlayerSlideView.m */ = {isa = PBXFileReference; fileEncoding = 4; lastKnownFileType = sourcecode.c.objc; path = PlayerSlideView.m; sourceTree = "<group>"; };
		8975A0A91C60A03A009BD30F /* PlayerViewController.h */ = {isa = PBXFileReference; fileEncoding = 4; lastKnownFileType = sourcecode.c.h; path = PlayerViewController.h; sourceTree = "<group>"; };
		8975A0AA1C60A03A009BD30F /* PlayerViewController.m */ = {isa = PBXFileReference; fileEncoding = 4; lastKnownFileType = sourcecode.c.objc; path = PlayerViewController.m; sourceTree = "<group>"; };
		8975A0AB1C60A03A009BD30F /* PlayerViewController.xib */ = {isa = PBXFileReference; fileEncoding = 4; lastKnownFileType = file.xib; path = PlayerViewController.xib; sourceTree = "<group>"; };
		8975A0AF1C60A8EA009BD30F /* DanMuChooseViewController.h */ = {isa = PBXFileReference; fileEncoding = 4; lastKnownFileType = sourcecode.c.h; path = DanMuChooseViewController.h; sourceTree = "<group>"; };
		8975A0B01C60A8EA009BD30F /* DanMuChooseViewController.m */ = {isa = PBXFileReference; fileEncoding = 4; lastKnownFileType = sourcecode.c.objc; path = DanMuChooseViewController.m; sourceTree = "<group>"; };
		8975D1CC1C6ECDAB003FE797 /* ThirdPartySearchVideoInfoView.h */ = {isa = PBXFileReference; fileEncoding = 4; lastKnownFileType = sourcecode.c.h; path = ThirdPartySearchVideoInfoView.h; sourceTree = "<group>"; };
		8975D1CD1C6ECDAB003FE797 /* ThirdPartySearchVideoInfoView.m */ = {isa = PBXFileReference; fileEncoding = 4; lastKnownFileType = sourcecode.c.objc; path = ThirdPartySearchVideoInfoView.m; sourceTree = "<group>"; };
		8975D1D41C6EF173003FE797 /* FontSpeciallyCell.h */ = {isa = PBXFileReference; fileEncoding = 4; lastKnownFileType = sourcecode.c.h; path = FontSpeciallyCell.h; sourceTree = "<group>"; };
		8975D1D51C6EF173003FE797 /* FontSpeciallyCell.m */ = {isa = PBXFileReference; fileEncoding = 4; lastKnownFileType = sourcecode.c.objc; path = FontSpeciallyCell.m; sourceTree = "<group>"; };
		8975D1D71C6EF4DF003FE797 /* SliderWithTickCell.h */ = {isa = PBXFileReference; fileEncoding = 4; lastKnownFileType = sourcecode.c.h; path = SliderWithTickCell.h; sourceTree = "<group>"; };
		8975D1D81C6EF4DF003FE797 /* SliderWithTickCell.m */ = {isa = PBXFileReference; fileEncoding = 4; lastKnownFileType = sourcecode.c.objc; path = SliderWithTickCell.m; sourceTree = "<group>"; };
		8975D1DA1C6EF634003FE797 /* ChangeFontCell.h */ = {isa = PBXFileReference; fileEncoding = 4; lastKnownFileType = sourcecode.c.h; path = ChangeFontCell.h; sourceTree = "<group>"; };
		8975D1DB1C6EF634003FE797 /* ChangeFontCell.m */ = {isa = PBXFileReference; fileEncoding = 4; lastKnownFileType = sourcecode.c.objc; path = ChangeFontCell.m; sourceTree = "<group>"; };
		8975D1DD1C6EF939003FE797 /* CaptionsProtectAreaCell.h */ = {isa = PBXFileReference; fileEncoding = 4; lastKnownFileType = sourcecode.c.h; path = CaptionsProtectAreaCell.h; sourceTree = "<group>"; };
		8975D1DE1C6EF939003FE797 /* CaptionsProtectAreaCell.m */ = {isa = PBXFileReference; fileEncoding = 4; lastKnownFileType = sourcecode.c.objc; path = CaptionsProtectAreaCell.m; sourceTree = "<group>"; };
		8975D1E11C6F2434003FE797 /* ChangeBackGroundImgCell.h */ = {isa = PBXFileReference; fileEncoding = 4; lastKnownFileType = sourcecode.c.h; path = ChangeBackGroundImgCell.h; sourceTree = "<group>"; };
		8975D1E21C6F2434003FE797 /* ChangeBackGroundImgCell.m */ = {isa = PBXFileReference; fileEncoding = 4; lastKnownFileType = sourcecode.c.objc; path = ChangeBackGroundImgCell.m; sourceTree = "<group>"; };
		8975D1E41C6F2A20003FE797 /* DanMuFilterCell.h */ = {isa = PBXFileReference; fileEncoding = 4; lastKnownFileType = sourcecode.c.h; path = DanMuFilterCell.h; sourceTree = "<group>"; };
		8975D1E51C6F2A20003FE797 /* DanMuFilterCell.m */ = {isa = PBXFileReference; fileEncoding = 4; lastKnownFileType = sourcecode.c.objc; path = DanMuFilterCell.m; sourceTree = "<group>"; };
		8975D1E81C6F2B59003FE797 /* UseFilterExpressionCell.h */ = {isa = PBXFileReference; fileEncoding = 4; lastKnownFileType = sourcecode.c.h; path = UseFilterExpressionCell.h; sourceTree = "<group>"; };
		8975D1E91C6F2B59003FE797 /* UseFilterExpressionCell.m */ = {isa = PBXFileReference; fileEncoding = 4; lastKnownFileType = sourcecode.c.objc; path = UseFilterExpressionCell.m; sourceTree = "<group>"; };
		8975D1EB1C6F355D003FE797 /* KeyboardSettingCell.h */ = {isa = PBXFileReference; fileEncoding = 4; lastKnownFileType = sourcecode.c.h; path = KeyboardSettingCell.h; sourceTree = "<group>"; };
		8975D1EC1C6F355D003FE797 /* KeyboardSettingCell.m */ = {isa = PBXFileReference; fileEncoding = 4; lastKnownFileType = sourcecode.c.objc; path = KeyboardSettingCell.m; sourceTree = "<group>"; };
		897619E11C59E8520046A245 /* BaseViewModel.h */ = {isa = PBXFileReference; fileEncoding = 4; lastKnownFileType = sourcecode.c.h; path = BaseViewModel.h; sourceTree = "<group>"; };
		897619E21C59E8520046A245 /* BaseViewModel.m */ = {isa = PBXFileReference; fileEncoding = 4; lastKnownFileType = sourcecode.c.objc; path = BaseViewModel.m; sourceTree = "<group>"; };
		897619E71C59E8520046A245 /* MatchViewModel.h */ = {isa = PBXFileReference; fileEncoding = 4; lastKnownFileType = sourcecode.c.h; path = MatchViewModel.h; sourceTree = "<group>"; };
		897619E81C59E8520046A245 /* MatchViewModel.m */ = {isa = PBXFileReference; fileEncoding = 4; lastKnownFileType = sourcecode.c.objc; path = MatchViewModel.m; sourceTree = "<group>"; };
		897619E91C59E8520046A245 /* PlayViewModel.h */ = {isa = PBXFileReference; fileEncoding = 4; lastKnownFileType = sourcecode.c.h; path = PlayViewModel.h; sourceTree = "<group>"; };
		897619EA1C59E8520046A245 /* PlayViewModel.m */ = {isa = PBXFileReference; fileEncoding = 4; lastKnownFileType = sourcecode.c.objc; path = PlayViewModel.m; sourceTree = "<group>"; };
		897619EB1C59E8520046A245 /* SearchViewModel.h */ = {isa = PBXFileReference; fileEncoding = 4; lastKnownFileType = sourcecode.c.h; path = SearchViewModel.h; sourceTree = "<group>"; };
		897619EC1C59E8520046A245 /* SearchViewModel.m */ = {isa = PBXFileReference; fileEncoding = 4; lastKnownFileType = sourcecode.c.objc; path = SearchViewModel.m; sourceTree = "<group>"; };
		897619F71C59EDBC0046A245 /* DanMuChooseViewModel.h */ = {isa = PBXFileReference; fileEncoding = 4; lastKnownFileType = sourcecode.c.h; path = DanMuChooseViewModel.h; sourceTree = "<group>"; };
		897619F81C59EDBC0046A245 /* DanMuChooseViewModel.m */ = {isa = PBXFileReference; fileEncoding = 4; lastKnownFileType = sourcecode.c.objc; path = DanMuChooseViewModel.m; sourceTree = "<group>"; };
		89761A071C5A5E750046A245 /* MatchViewController.h */ = {isa = PBXFileReference; fileEncoding = 4; lastKnownFileType = sourcecode.c.h; path = MatchViewController.h; sourceTree = "<group>"; };
		89761A081C5A5E750046A245 /* MatchViewController.m */ = {isa = PBXFileReference; fileEncoding = 4; lastKnownFileType = sourcecode.c.objc; path = MatchViewController.m; sourceTree = "<group>"; };
		89761A151C5A6F190046A245 /* Config.h */ = {isa = PBXFileReference; lastKnownFileType = sourcecode.c.h; path = Config.h; sourceTree = "<group>"; };
		89761A1A1C5A7B8B0046A245 /* ColorButton.h */ = {isa = PBXFileReference; fileEncoding = 4; lastKnownFileType = sourcecode.c.h; path = ColorButton.h; sourceTree = "<group>"; };
		89761A1B1C5A7B8B0046A245 /* ColorButton.m */ = {isa = PBXFileReference; fileEncoding = 4; lastKnownFileType = sourcecode.c.objc; path = ColorButton.m; sourceTree = "<group>"; };
		89788D341C5E3DB100CA31EF /* SearchViewController.h */ = {isa = PBXFileReference; fileEncoding = 4; lastKnownFileType = sourcecode.c.h; path = SearchViewController.h; sourceTree = "<group>"; };
		89788D351C5E3DB100CA31EF /* SearchViewController.m */ = {isa = PBXFileReference; fileEncoding = 4; lastKnownFileType = sourcecode.c.objc; path = SearchViewController.m; sourceTree = "<group>"; };
		897EC7B71C72056A00E1B03D /* BaseModel.h */ = {isa = PBXFileReference; fileEncoding = 4; lastKnownFileType = sourcecode.c.h; path = BaseModel.h; sourceTree = "<group>"; };
		897EC7B81C72056A00E1B03D /* BaseModel.m */ = {isa = PBXFileReference; fileEncoding = 4; lastKnownFileType = sourcecode.c.objc; path = BaseModel.m; sourceTree = "<group>"; };
		897EC7B91C72056A00E1B03D /* DanMuModel.h */ = {isa = PBXFileReference; fileEncoding = 4; lastKnownFileType = sourcecode.c.h; path = DanMuModel.h; sourceTree = "<group>"; };
		897EC7BA1C72056A00E1B03D /* DanMuModel.m */ = {isa = PBXFileReference; fileEncoding = 4; lastKnownFileType = sourcecode.c.objc; path = DanMuModel.m; sourceTree = "<group>"; };
		897EC7BB1C72056A00E1B03D /* LocalVideoModel.h */ = {isa = PBXFileReference; fileEncoding = 4; lastKnownFileType = sourcecode.c.h; path = LocalVideoModel.h; sourceTree = "<group>"; };
		897EC7BC1C72056A00E1B03D /* LocalVideoModel.m */ = {isa = PBXFileReference; fileEncoding = 4; lastKnownFileType = sourcecode.c.objc; path = LocalVideoModel.m; sourceTree = "<group>"; };
		897EC7BD1C72056A00E1B03D /* MatchModel.h */ = {isa = PBXFileReference; fileEncoding = 4; lastKnownFileType = sourcecode.c.h; path = MatchModel.h; sourceTree = "<group>"; };
		897EC7BE1C72056A00E1B03D /* MatchModel.m */ = {isa = PBXFileReference; fileEncoding = 4; lastKnownFileType = sourcecode.c.objc; path = MatchModel.m; sourceTree = "<group>"; };
		897EC7BF1C72056A00E1B03D /* SearchModel.h */ = {isa = PBXFileReference; fileEncoding = 4; lastKnownFileType = sourcecode.c.h; path = SearchModel.h; sourceTree = "<group>"; };
		897EC7C01C72056A00E1B03D /* SearchModel.m */ = {isa = PBXFileReference; fileEncoding = 4; lastKnownFileType = sourcecode.c.objc; path = SearchModel.m; sourceTree = "<group>"; };
		897EC7C11C72056A00E1B03D /* ShiBanModel.h */ = {isa = PBXFileReference; fileEncoding = 4; lastKnownFileType = sourcecode.c.h; path = ShiBanModel.h; sourceTree = "<group>"; };
		897EC7C21C72056A00E1B03D /* ShiBanModel.m */ = {isa = PBXFileReference; fileEncoding = 4; lastKnownFileType = sourcecode.c.objc; path = ShiBanModel.m; sourceTree = "<group>"; };
		897EC7C31C72056A00E1B03D /* VideoInfoModel.h */ = {isa = PBXFileReference; fileEncoding = 4; lastKnownFileType = sourcecode.c.h; path = VideoInfoModel.h; sourceTree = "<group>"; };
		897EC7C41C72056A00E1B03D /* VideoInfoModel.m */ = {isa = PBXFileReference; fileEncoding = 4; lastKnownFileType = sourcecode.c.objc; path = VideoInfoModel.m; sourceTree = "<group>"; };
		897ECC551C749233008AA5DB /* PlayerListTableView.h */ = {isa = PBXFileReference; fileEncoding = 4; lastKnownFileType = sourcecode.c.h; path = PlayerListTableView.h; sourceTree = "<group>"; };
		897ECC561C749233008AA5DB /* PlayerListTableView.m */ = {isa = PBXFileReference; fileEncoding = 4; lastKnownFileType = sourcecode.c.objc; path = PlayerListTableView.m; sourceTree = "<group>"; };
		897ECC581C74C9F9008AA5DB /* DanMuFastMatchCell.h */ = {isa = PBXFileReference; fileEncoding = 4; lastKnownFileType = sourcecode.c.h; path = DanMuFastMatchCell.h; sourceTree = "<group>"; };
		897ECC591C74C9F9008AA5DB /* DanMuFastMatchCell.m */ = {isa = PBXFileReference; fileEncoding = 4; lastKnownFileType = sourcecode.c.objc; path = DanMuFastMatchCell.m; sourceTree = "<group>"; };
		8983C76B1C8819CC0080C316 /* NSData+DanDanPlay.h */ = {isa = PBXFileReference; fileEncoding = 4; lastKnownFileType = sourcecode.c.h; path = "NSData+DanDanPlay.h"; sourceTree = "<group>"; };
		8983C76C1C8819CC0080C316 /* NSData+DanDanPlay.m */ = {isa = PBXFileReference; fileEncoding = 4; lastKnownFileType = sourcecode.c.objc; path = "NSData+DanDanPlay.m"; sourceTree = "<group>"; };
		8983C7741C8853B40080C316 /* danmakuColor.plist */ = {isa = PBXFileReference; fileEncoding = 4; lastKnownFileType = text.plist.xml; path = danmakuColor.plist; sourceTree = "<group>"; };
		8995C98F1C648607008C1C02 /* ThirdPartySearchViewController.h */ = {isa = PBXFileReference; fileEncoding = 4; lastKnownFileType = sourcecode.c.h; path = ThirdPartySearchViewController.h; sourceTree = "<group>"; };
		8995C9901C648607008C1C02 /* ThirdPartySearchViewController.m */ = {isa = PBXFileReference; fileEncoding = 4; lastKnownFileType = sourcecode.c.objc; path = ThirdPartySearchViewController.m; sourceTree = "<group>"; };
		8995C9951C64F6F8008C1C02 /* ThirdPartyDanMuChooseViewController.h */ = {isa = PBXFileReference; fileEncoding = 4; lastKnownFileType = sourcecode.c.h; path = ThirdPartyDanMuChooseViewController.h; sourceTree = "<group>"; };
		8995C9961C64F6F8008C1C02 /* ThirdPartyDanMuChooseViewController.m */ = {isa = PBXFileReference; fileEncoding = 4; lastKnownFileType = sourcecode.c.objc; path = ThirdPartyDanMuChooseViewController.m; sourceTree = "<group>"; };
		8995C9981C64F7FF008C1C02 /* BiliBiliDanMuChooseViewModel.h */ = {isa = PBXFileReference; fileEncoding = 4; lastKnownFileType = sourcecode.c.h; path = BiliBiliDanMuChooseViewModel.h; sourceTree = "<group>"; };
		8995C9991C64F7FF008C1C02 /* BiliBiliDanMuChooseViewModel.m */ = {isa = PBXFileReference; fileEncoding = 4; lastKnownFileType = sourcecode.c.objc; path = BiliBiliDanMuChooseViewModel.m; sourceTree = "<group>"; };
		8996A6D81C6CC03000D5AA6E /* HideDanMuAndCloseCell.h */ = {isa = PBXFileReference; fileEncoding = 4; lastKnownFileType = sourcecode.c.h; path = HideDanMuAndCloseCell.h; sourceTree = "<group>"; };
		8996A6D91C6CC03000D5AA6E /* HideDanMuAndCloseCell.m */ = {isa = PBXFileReference; fileEncoding = 4; lastKnownFileType = sourcecode.c.objc; path = HideDanMuAndCloseCell.m; sourceTree = "<group>"; };
		8996A6DE1C6CD95A00D5AA6E /* SliderControlCell.h */ = {isa = PBXFileReference; fileEncoding = 4; lastKnownFileType = sourcecode.c.h; path = SliderControlCell.h; sourceTree = "<group>"; };
		8996A6DF1C6CD95A00D5AA6E /* SliderControlCell.m */ = {isa = PBXFileReference; fileEncoding = 4; lastKnownFileType = sourcecode.c.objc; path = SliderControlCell.m; sourceTree = "<group>"; };
		8996A6E11C6CE18200D5AA6E /* TimeAxisCell.h */ = {isa = PBXFileReference; fileEncoding = 4; lastKnownFileType = sourcecode.c.h; path = TimeAxisCell.h; sourceTree = "<group>"; };
		8996A6E21C6CE18200D5AA6E /* TimeAxisCell.m */ = {isa = PBXFileReference; fileEncoding = 4; lastKnownFileType = sourcecode.c.objc; path = TimeAxisCell.m; sourceTree = "<group>"; };
		89A164BC1C6329AA00C0033F /* VLCMedia+Tools.h */ = {isa = PBXFileReference; fileEncoding = 4; lastKnownFileType = sourcecode.c.h; path = "VLCMedia+Tools.h"; sourceTree = "<group>"; };
		89A164BD1C6329AA00C0033F /* VLCMedia+Tools.m */ = {isa = PBXFileReference; fileEncoding = 4; lastKnownFileType = sourcecode.c.objc; path = "VLCMedia+Tools.m"; sourceTree = "<group>"; };
		89B585061C7D999F0076FB26 /* FloatDanmaku.h */ = {isa = PBXFileReference; fileEncoding = 4; lastKnownFileType = sourcecode.c.h; path = FloatDanmaku.h; sourceTree = "<group>"; };
		89B585071C7D999F0076FB26 /* FloatDanmaku.m */ = {isa = PBXFileReference; fileEncoding = 4; lastKnownFileType = sourcecode.c.objc; path = FloatDanmaku.m; sourceTree = "<group>"; };
		89B585081C7D999F0076FB26 /* ParentDanmaku.h */ = {isa = PBXFileReference; fileEncoding = 4; lastKnownFileType = sourcecode.c.h; path = ParentDanmaku.h; sourceTree = "<group>"; };
		89B585091C7D999F0076FB26 /* ParentDanmaku.m */ = {isa = PBXFileReference; fileEncoding = 4; lastKnownFileType = sourcecode.c.objc; path = ParentDanmaku.m; sourceTree = "<group>"; };
		89B5850A1C7D999F0076FB26 /* ScrollDanmaku.h */ = {isa = PBXFileReference; fileEncoding = 4; lastKnownFileType = sourcecode.c.h; path = ScrollDanmaku.h; sourceTree = "<group>"; };
		89B5850B1C7D999F0076FB26 /* ScrollDanmaku.m */ = {isa = PBXFileReference; fileEncoding = 4; lastKnownFileType = sourcecode.c.objc; path = ScrollDanmaku.m; sourceTree = "<group>"; };
		89B5850C1C7D999F0076FB26 /* DanmakuContainer.h */ = {isa = PBXFileReference; fileEncoding = 4; lastKnownFileType = sourcecode.c.h; path = DanmakuContainer.h; sourceTree = "<group>"; };
		89B5850D1C7D999F0076FB26 /* DanmakuContainer.m */ = {isa = PBXFileReference; fileEncoding = 4; lastKnownFileType = sourcecode.c.objc; path = DanmakuContainer.m; sourceTree = "<group>"; };
		89B5850E1C7D999F0076FB26 /* JHDanmakuClock.h */ = {isa = PBXFileReference; fileEncoding = 4; lastKnownFileType = sourcecode.c.h; path = JHDanmakuClock.h; sourceTree = "<group>"; };
		89B5850F1C7D999F0076FB26 /* JHDanmakuClock.m */ = {isa = PBXFileReference; fileEncoding = 4; lastKnownFileType = sourcecode.c.objc; path = JHDanmakuClock.m; sourceTree = "<group>"; };
		89B585101C7D999F0076FB26 /* JHDanmakuEngine.h */ = {isa = PBXFileReference; fileEncoding = 4; lastKnownFileType = sourcecode.c.h; path = JHDanmakuEngine.h; sourceTree = "<group>"; };
		89B585111C7D999F0076FB26 /* JHDanmakuEngine.m */ = {isa = PBXFileReference; fileEncoding = 4; lastKnownFileType = sourcecode.c.objc; path = JHDanmakuEngine.m; sourceTree = "<group>"; };
		89B585121C7D999F0076FB26 /* JHDisplayLink.h */ = {isa = PBXFileReference; fileEncoding = 4; lastKnownFileType = sourcecode.c.h; path = JHDisplayLink.h; sourceTree = "<group>"; };
		89B585131C7D999F0076FB26 /* JHDisplayLink.m */ = {isa = PBXFileReference; fileEncoding = 4; lastKnownFileType = sourcecode.c.objc; path = JHDisplayLink.m; sourceTree = "<group>"; };
		89B5851E1C7D9B700076FB26 /* JHDanmakuRender.h */ = {isa = PBXFileReference; lastKnownFileType = sourcecode.c.h; path = JHDanmakuRender.h; sourceTree = "<group>"; };
		89B5851F1C7D9D1B0076FB26 /* JHDanmakuEngine+Tools.h */ = {isa = PBXFileReference; fileEncoding = 4; lastKnownFileType = sourcecode.c.h; path = "JHDanmakuEngine+Tools.h"; sourceTree = "<group>"; };
		89B585201C7D9D1B0076FB26 /* JHDanmakuEngine+Tools.m */ = {isa = PBXFileReference; fileEncoding = 4; lastKnownFileType = sourcecode.c.objc; path = "JHDanmakuEngine+Tools.m"; sourceTree = "<group>"; };
		89B585221C7D9FF50076FB26 /* JHDanmakuCanvas.h */ = {isa = PBXFileReference; fileEncoding = 4; lastKnownFileType = sourcecode.c.h; path = JHDanmakuCanvas.h; sourceTree = "<group>"; };
		89B585231C7D9FF50076FB26 /* JHDanmakuCanvas.m */ = {isa = PBXFileReference; fileEncoding = 4; lastKnownFileType = sourcecode.c.objc; path = JHDanmakuCanvas.m; sourceTree = "<group>"; };
		89B585491C7E07270076FB26 /* FilterNetManager.h */ = {isa = PBXFileReference; fileEncoding = 4; lastKnownFileType = sourcecode.c.h; path = FilterNetManager.h; sourceTree = "<group>"; };
		89B5854A1C7E07270076FB26 /* FilterNetManager.m */ = {isa = PBXFileReference; fileEncoding = 4; lastKnownFileType = sourcecode.c.objc; path = FilterNetManager.m; sourceTree = "<group>"; };
		89C04B741C591E5700225ABA /* MainViewController.h */ = {isa = PBXFileReference; fileEncoding = 4; lastKnownFileType = sourcecode.c.h; path = MainViewController.h; sourceTree = "<group>"; };
		89C04B751C591E5700225ABA /* MainViewController.m */ = {isa = PBXFileReference; fileEncoding = 4; lastKnownFileType = sourcecode.c.objc; path = MainViewController.m; sourceTree = "<group>"; };
		89C107101C885B8100090A9A /* DanmakuColorMenuItem.h */ = {isa = PBXFileReference; fileEncoding = 4; lastKnownFileType = sourcecode.c.h; path = DanmakuColorMenuItem.h; sourceTree = "<group>"; };
		89C107111C885B8100090A9A /* DanmakuColorMenuItem.m */ = {isa = PBXFileReference; fileEncoding = 4; lastKnownFileType = sourcecode.c.objc; path = DanmakuColorMenuItem.m; sourceTree = "<group>"; };
		89C107131C885FB200090A9A /* DanmakuModeMenuItem.h */ = {isa = PBXFileReference; fileEncoding = 4; lastKnownFileType = sourcecode.c.h; path = DanmakuModeMenuItem.h; sourceTree = "<group>"; };
		89C107141C885FB200090A9A /* DanmakuModeMenuItem.m */ = {isa = PBXFileReference; fileEncoding = 4; lastKnownFileType = sourcecode.c.objc; path = DanmakuModeMenuItem.m; sourceTree = "<group>"; };
		89C107161C887EA800090A9A /* RespondKeyboardTextField.h */ = {isa = PBXFileReference; fileEncoding = 4; lastKnownFileType = sourcecode.c.h; path = RespondKeyboardTextField.h; sourceTree = "<group>"; };
		89C107171C887EA800090A9A /* RespondKeyboardTextField.m */ = {isa = PBXFileReference; fileEncoding = 4; lastKnownFileType = sourcecode.c.objc; path = RespondKeyboardTextField.m; sourceTree = "<group>"; };
		89E15F941C81D7320074CB55 /* RespondKeyboardSearchField.h */ = {isa = PBXFileReference; fileEncoding = 4; lastKnownFileType = sourcecode.c.h; path = RespondKeyboardSearchField.h; sourceTree = "<group>"; };
		89E15F951C81D7320074CB55 /* RespondKeyboardSearchField.m */ = {isa = PBXFileReference; fileEncoding = 4; lastKnownFileType = sourcecode.c.objc; path = RespondKeyboardSearchField.m; sourceTree = "<group>"; };
		89FC23EC1C6F3EAF009FD27C /* ScreenShotCell.h */ = {isa = PBXFileReference; fileEncoding = 4; lastKnownFileType = sourcecode.c.h; path = ScreenShotCell.h; sourceTree = "<group>"; };
		89FC23ED1C6F3EAF009FD27C /* ScreenShotCell.m */ = {isa = PBXFileReference; fileEncoding = 4; lastKnownFileType = sourcecode.c.objc; path = ScreenShotCell.m; sourceTree = "<group>"; };
		89FC23EF1C6F3EC3009FD27C /* CacheManagerCell.h */ = {isa = PBXFileReference; fileEncoding = 4; lastKnownFileType = sourcecode.c.h; path = CacheManagerCell.h; sourceTree = "<group>"; };
		89FC23F01C6F3EC3009FD27C /* CacheManagerCell.m */ = {isa = PBXFileReference; fileEncoding = 4; lastKnownFileType = sourcecode.c.objc; path = CacheManagerCell.m; sourceTree = "<group>"; };
		89FE1F081C5E57BB00FF4586 /* DanDanSearchViewController.h */ = {isa = PBXFileReference; fileEncoding = 4; lastKnownFileType = sourcecode.c.h; path = DanDanSearchViewController.h; sourceTree = "<group>"; };
		89FE1F091C5E57BB00FF4586 /* DanDanSearchViewController.m */ = {isa = PBXFileReference; fileEncoding = 4; lastKnownFileType = sourcecode.c.objc; path = DanDanSearchViewController.m; sourceTree = "<group>"; };
		BE4CC565510FBBFF11126BA7 /* Pods-DanDanPlayForMac.debug.xcconfig */ = {isa = PBXFileReference; includeInIndex = 1; lastKnownFileType = text.xcconfig; name = "Pods-DanDanPlayForMac.debug.xcconfig"; path = "Pods/Target Support Files/Pods-DanDanPlayForMac/Pods-DanDanPlayForMac.debug.xcconfig"; sourceTree = "<group>"; };
/* End PBXFileReference section */

/* Begin PBXFrameworksBuildPhase section */
		89636FC91C58C40B002F32FD /* Frameworks */ = {
			isa = PBXFrameworksBuildPhase;
			buildActionMask = 2147483647;
			files = (
				CA0DE9BDBB94BB3A6117693A /* libPods-DanDanPlayForMac.a in Frameworks */,
				8963703A1C58FCDF002F32FD /* VLCKit.framework in Frameworks */,
			);
			runOnlyForDeploymentPostprocessing = 0;
		};
/* End PBXFrameworksBuildPhase section */

/* Begin PBXGroup section */
		10260DB5F8628274DDEED15E /* Pods */ = {
			isa = PBXGroup;
			children = (
				BE4CC565510FBBFF11126BA7 /* Pods-DanDanPlayForMac.debug.xcconfig */,
				6082462430812892B6624682 /* Pods-DanDanPlayForMac.release.xcconfig */,
			);
			name = Pods;
			sourceTree = "<group>";
		};
		8946B5B71C63AB480042A370 /* 第三方搜索 */ = {
			isa = PBXGroup;
			children = (
				8975D1CC1C6ECDAB003FE797 /* ThirdPartySearchVideoInfoView.h */,
				8975D1CD1C6ECDAB003FE797 /* ThirdPartySearchVideoInfoView.m */,
				8995C98F1C648607008C1C02 /* ThirdPartySearchViewController.h */,
				8995C9901C648607008C1C02 /* ThirdPartySearchViewController.m */,
			);
			name = "第三方搜索";
			sourceTree = "<group>";
		};
		89636FC31C58C40A002F32FD = {
			isa = PBXGroup;
			children = (
				89636FCE1C58C40B002F32FD /* DanDanPlayForMac */,
				89636FCD1C58C40B002F32FD /* Products */,
				10260DB5F8628274DDEED15E /* Pods */,
				A42F97F2000AD1698A3592B2 /* Frameworks */,
			);
			sourceTree = "<group>";
		};
		89636FCD1C58C40B002F32FD /* Products */ = {
			isa = PBXGroup;
			children = (
				89636FCC1C58C40B002F32FD /* DanDanPlayForMac.app */,
			);
			name = Products;
			sourceTree = "<group>";
		};
		89636FCE1C58C40B002F32FD /* DanDanPlayForMac */ = {
			isa = PBXGroup;
			children = (
				89636FCF1C58C40B002F32FD /* AppDelegate.h */,
				89636FD01C58C40B002F32FD /* AppDelegate.m */,
				896370BC1C590900002F32FD /* Tools */,
				89636FEE1C58FAD1002F32FD /* Config */,
				89636FF11C58FAD1002F32FD /* Resource */,
				89636FF21C58FAD1002F32FD /* Vender */,
				897EC7B61C72056A00E1B03D /* Model */,
				89636FF01C58FAD1002F32FD /* NetManager */,
				89636FF31C58FAD1002F32FD /* ViewController */,
				89636FF41C58FAD1002F32FD /* ViewModel */,
				89636FD21C58C40B002F32FD /* Supporting Files */,
			);
			path = DanDanPlayForMac;
			sourceTree = "<group>";
		};
		89636FD21C58C40B002F32FD /* Supporting Files */ = {
			isa = PBXGroup;
			children = (
				89636FD31C58C40B002F32FD /* main.m */,
			);
			name = "Supporting Files";
			sourceTree = "<group>";
		};
		89636FEE1C58FAD1002F32FD /* Config */ = {
			isa = PBXGroup;
			children = (
				89636FEF1C58FAD1002F32FD /* Info.plist */,
				8963705B1C590424002F32FD /* PrefixHeader.pch */,
				89761A151C5A6F190046A245 /* Config.h */,
			);
			path = Config;
			sourceTree = "<group>";
		};
		89636FF01C58FAD1002F32FD /* NetManager */ = {
			isa = PBXGroup;
			children = (
				8963704F1C59028C002F32FD /* BaseNetManager.h */,
				896370501C59028C002F32FD /* BaseNetManager.m */,
				896370511C59028C002F32FD /* DanMuNetManager.h */,
				896370521C59028C002F32FD /* DanMuNetManager.m */,
				896370531C59028C002F32FD /* MatchNetManager.h */,
				896370541C59028C002F32FD /* MatchNetManager.m */,
				896370551C59028C002F32FD /* SearchNetManager.h */,
				896370561C59028C002F32FD /* SearchNetManager.m */,
				89B585491C7E07270076FB26 /* FilterNetManager.h */,
				89B5854A1C7E07270076FB26 /* FilterNetManager.m */,
			);
			path = NetManager;
			sourceTree = "<group>";
		};
		89636FF11C58FAD1002F32FD /* Resource */ = {
			isa = PBXGroup;
			children = (
				89636FD81C58C40B002F32FD /* Assets.xcassets */,
				89636FDA1C58C40B002F32FD /* Main.storyboard */,
				897368021C70392000B9B765 /* defaultKeyMap.plist */,
				8983C7741C8853B40080C316 /* danmakuColor.plist */,
			);
			path = Resource;
			sourceTree = "<group>";
		};
		89636FF21C58FAD1002F32FD /* Vender */ = {
			isa = PBXGroup;
			children = (
				89B585041C7D999F0076FB26 /* JHDanmakuRender */,
				896370391C58FCDF002F32FD /* VLCKit.framework */,
			);
			path = Vender;
			sourceTree = "<group>";
		};
		89636FF31C58FAD1002F32FD /* ViewController */ = {
			isa = PBXGroup;
			children = (
				89761A1A1C5A7B8B0046A245 /* ColorButton.h */,
				89761A1B1C5A7B8B0046A245 /* ColorButton.m */,
				89651E3E1C5F8A9E002F23A2 /* JHProgressHUD.h */,
				89651E3F1C5F8A9E002F23A2 /* JHProgressHUD.m */,
				89E15F941C81D7320074CB55 /* RespondKeyboardSearchField.h */,
				89E15F951C81D7320074CB55 /* RespondKeyboardSearchField.m */,
				89C107161C887EA800090A9A /* RespondKeyboardTextField.h */,
				89C107171C887EA800090A9A /* RespondKeyboardTextField.m */,
				8975D1CF1C6EEFD7003FE797 /* 偏好设置 */,
				89788D371C5E446500CA31EF /* 搜索界面 */,
				89E3A71A1C60FEDA0030C44A /* 弹幕选择界面 */,
				89E3A7191C60FEC50030C44A /* 播放界面 */,
				89761A161C5A71C10046A245 /* 匹配界面 */,
				897619FD1C59EEFD0046A245 /* 主界面 */,
			);
			path = ViewController;
			sourceTree = "<group>";
		};
		89636FF41C58FAD1002F32FD /* ViewModel */ = {
			isa = PBXGroup;
			children = (
				896A716E1C66277A00280B79 /* 弹幕选择 */,
				896A716F1C66279100280B79 /* 弹幕搜索 */,
				897619E11C59E8520046A245 /* BaseViewModel.h */,
				897619E21C59E8520046A245 /* BaseViewModel.m */,
				8965EE381C6DBCDD0089E187 /* PreferenceViewModel.h */,
				8965EE391C6DBCDD0089E187 /* PreferenceViewModel.m */,
				897619E71C59E8520046A245 /* MatchViewModel.h */,
				897619E81C59E8520046A245 /* MatchViewModel.m */,
				897619E91C59E8520046A245 /* PlayViewModel.h */,
				897619EA1C59E8520046A245 /* PlayViewModel.m */,
			);
			path = ViewModel;
			sourceTree = "<group>";
		};
		896370BC1C590900002F32FD /* Tools */ = {
			isa = PBXGroup;
			children = (
				896370C31C590C51002F32FD /* Category */,
				896370C01C59099C002F32FD /* DanMuDataFormatter.h */,
				896370C11C59099C002F32FD /* DanMuDataFormatter.m */,
				897548551C61C70A0075436B /* JHVLCMedia.h */,
				897548561C61C70A0075436B /* JHVLCMedia.m */,
				897368121C70974400B9B765 /* UserDefaultManager.h */,
				897368131C70974400B9B765 /* UserDefaultManager.m */,
			);
			path = Tools;
			sourceTree = "<group>";
		};
		896370C31C590C51002F32FD /* Category */ = {
			isa = PBXGroup;
			children = (
				897345B51C759CB200F64D39 /* NSArray+Tools.h */,
				897345B61C759CB200F64D39 /* NSArray+Tools.m */,
				897345B71C759CB200F64D39 /* NSData+Tools.h */,
				897345B81C759CB200F64D39 /* NSData+Tools.m */,
				897345B91C759CB200F64D39 /* NSDictionary+Tools.h */,
				897345BA1C759CB200F64D39 /* NSDictionary+Tools.m */,
				8983C76B1C8819CC0080C316 /* NSData+DanDanPlay.h */,
				8983C76C1C8819CC0080C316 /* NSData+DanDanPlay.m */,
				897345BB1C759CB200F64D39 /* NSString+Tools.h */,
				897345BC1C759CB200F64D39 /* NSString+Tools.m */,
				8973680F1C70708A00B9B765 /* NSString+KeyEvent.h */,
				897368101C70708A00B9B765 /* NSString+KeyEvent.m */,
				89651E471C5FA837002F23A2 /* NSColor+Tools.h */,
				89651E481C5FA837002F23A2 /* NSColor+Tools.m */,
				89A164BC1C6329AA00C0033F /* VLCMedia+Tools.h */,
				89A164BD1C6329AA00C0033F /* VLCMedia+Tools.m */,
				8963478E1C6860A000EF63E5 /* NSButton+Tools.h */,
				8963478F1C6860A000EF63E5 /* NSButton+Tools.m */,
				89B5851F1C7D9D1B0076FB26 /* JHDanmakuEngine+Tools.h */,
				89B585201C7D9D1B0076FB26 /* JHDanmakuEngine+Tools.m */,
			);
			name = Category;
			sourceTree = "<group>";
		};
		896A716E1C66277A00280B79 /* 弹幕选择 */ = {
			isa = PBXGroup;
			children = (
				896A71741C6641F000280B79 /* 第三方 */,
				897619F71C59EDBC0046A245 /* DanMuChooseViewModel.h */,
				897619F81C59EDBC0046A245 /* DanMuChooseViewModel.m */,
			);
			name = "弹幕选择";
			sourceTree = "<group>";
		};
		896A716F1C66279100280B79 /* 弹幕搜索 */ = {
			isa = PBXGroup;
			children = (
				896A71701C6627AE00280B79 /* 第三方搜索 */,
				897619EB1C59E8520046A245 /* SearchViewModel.h */,
				897619EC1C59E8520046A245 /* SearchViewModel.m */,
			);
			name = "弹幕搜索";
			sourceTree = "<group>";
		};
		896A71701C6627AE00280B79 /* 第三方搜索 */ = {
			isa = PBXGroup;
			children = (
				896A716B1C66276C00280B79 /* ThirdPartySearchViewModel.h */,
				896A716C1C66276C00280B79 /* ThirdPartySearchViewModel.m */,
				8946B5CA1C63B1D10042A370 /* BiliBiliSearchViewModel.h */,
				8946B5CB1C63B1D10042A370 /* BiliBiliSearchViewModel.m */,
				896A71681C66248800280B79 /* AcFunSearchViewModel.h */,
				896A71691C66248800280B79 /* AcFunSearchViewModel.m */,
			);
			name = "第三方搜索";
			sourceTree = "<group>";
		};
		896A71741C6641F000280B79 /* 第三方 */ = {
			isa = PBXGroup;
			children = (
				896A71711C6641C700280B79 /* ThirdPartyDanMuChooseViewModel.h */,
				896A71721C6641C700280B79 /* ThirdPartyDanMuChooseViewModel.m */,
				8995C9981C64F7FF008C1C02 /* BiliBiliDanMuChooseViewModel.h */,
				8995C9991C64F7FF008C1C02 /* BiliBiliDanMuChooseViewModel.m */,
				896A71751C66421500280B79 /* AcFunDanMuChooseViewModel.h */,
				896A71761C66421500280B79 /* AcFunDanMuChooseViewModel.m */,
			);
			name = "第三方";
			sourceTree = "<group>";
		};
		8975D1CF1C6EEFD7003FE797 /* 偏好设置 */ = {
			isa = PBXGroup;
			children = (
				89FC23EB1C6F3E82009FD27C /* 缓存管理 */,
				89FC23EA1C6F3E68009FD27C /* 截图设置 */,
				8975D1EE1C6F3561003FE797 /* 快捷键设置 */,
				8975D1E71C6F2A2F003FE797 /* 弹幕过滤设置 */,
				8975D1E01C6F2406003FE797 /* 播放器设置 */,
				8975D1D31C6EF132003FE797 /* 弹幕设置 */,
				8965EE351C6DB8590089E187 /* PreferenceViewController.h */,
				8965EE361C6DB8590089E187 /* PreferenceViewController.m */,
			);
			name = "偏好设置";
			sourceTree = "<group>";
		};
		8975D1D31C6EF132003FE797 /* 弹幕设置 */ = {
			isa = PBXGroup;
			children = (
				8975D1D41C6EF173003FE797 /* FontSpeciallyCell.h */,
				8975D1D51C6EF173003FE797 /* FontSpeciallyCell.m */,
				8975D1D71C6EF4DF003FE797 /* SliderWithTickCell.h */,
				8975D1D81C6EF4DF003FE797 /* SliderWithTickCell.m */,
				8975D1DA1C6EF634003FE797 /* ChangeFontCell.h */,
				8975D1DB1C6EF634003FE797 /* ChangeFontCell.m */,
				8975D1DD1C6EF939003FE797 /* CaptionsProtectAreaCell.h */,
				8975D1DE1C6EF939003FE797 /* CaptionsProtectAreaCell.m */,
				897ECC581C74C9F9008AA5DB /* DanMuFastMatchCell.h */,
				897ECC591C74C9F9008AA5DB /* DanMuFastMatchCell.m */,
			);
			name = "弹幕设置";
			sourceTree = "<group>";
		};
		8975D1E01C6F2406003FE797 /* 播放器设置 */ = {
			isa = PBXGroup;
			children = (
				8975D1E11C6F2434003FE797 /* ChangeBackGroundImgCell.h */,
				8975D1E21C6F2434003FE797 /* ChangeBackGroundImgCell.m */,
			);
			name = "播放器设置";
			sourceTree = "<group>";
		};
		8975D1E71C6F2A2F003FE797 /* 弹幕过滤设置 */ = {
			isa = PBXGroup;
			children = (
				8975D1E41C6F2A20003FE797 /* DanMuFilterCell.h */,
				8975D1E51C6F2A20003FE797 /* DanMuFilterCell.m */,
				8975D1E81C6F2B59003FE797 /* UseFilterExpressionCell.h */,
				8975D1E91C6F2B59003FE797 /* UseFilterExpressionCell.m */,
			);
			name = "弹幕过滤设置";
			sourceTree = "<group>";
		};
		8975D1EE1C6F3561003FE797 /* 快捷键设置 */ = {
			isa = PBXGroup;
			children = (
				8975D1EB1C6F355D003FE797 /* KeyboardSettingCell.h */,
				8975D1EC1C6F355D003FE797 /* KeyboardSettingCell.m */,
				897368071C70483000B9B765 /* GetKeyViewController.h */,
				897368081C70483000B9B765 /* GetKeyViewController.m */,
				897368091C70483000B9B765 /* GetKeyViewController.xib */,
			);
			name = "快捷键设置";
			sourceTree = "<group>";
		};
		897619FD1C59EEFD0046A245 /* 主界面 */ = {
			isa = PBXGroup;
			children = (
				89C04B741C591E5700225ABA /* MainViewController.h */,
				89C04B751C591E5700225ABA /* MainViewController.m */,
				89651E3B1C5F81E4002F23A2 /* BackGroundImageView.h */,
				89651E3C1C5F81E4002F23A2 /* BackGroundImageView.m */,
			);
			name = "主界面";
			sourceTree = "<group>";
		};
		89761A161C5A71C10046A245 /* 匹配界面 */ = {
			isa = PBXGroup;
			children = (
				89761A071C5A5E750046A245 /* MatchViewController.h */,
				89761A081C5A5E750046A245 /* MatchViewController.m */,
			);
			name = "匹配界面";
			sourceTree = "<group>";
		};
		89788D371C5E446500CA31EF /* 搜索界面 */ = {
			isa = PBXGroup;
			children = (
				8946B5B71C63AB480042A370 /* 第三方搜索 */,
				89788D341C5E3DB100CA31EF /* SearchViewController.h */,
				89788D351C5E3DB100CA31EF /* SearchViewController.m */,
				89FE1F081C5E57BB00FF4586 /* DanDanSearchViewController.h */,
				89FE1F091C5E57BB00FF4586 /* DanDanSearchViewController.m */,
			);
			name = "搜索界面";
			sourceTree = "<group>";
		};
		897EC7B51C72024A00E1B03D /* 弹幕控制面板 */ = {
			isa = PBXGroup;
			children = (
				895A2B7A1C6D9E3F000FE343 /* OnlyButtonCell.h */,
				895A2B7B1C6D9E3F000FE343 /* OnlyButtonCell.m */,
				8996A6E11C6CE18200D5AA6E /* TimeAxisCell.h */,
				8996A6E21C6CE18200D5AA6E /* TimeAxisCell.m */,
				8996A6DE1C6CD95A00D5AA6E /* SliderControlCell.h */,
				8996A6DF1C6CD95A00D5AA6E /* SliderControlCell.m */,
				8996A6D81C6CC03000D5AA6E /* HideDanMuAndCloseCell.h */,
				8996A6D91C6CC03000D5AA6E /* HideDanMuAndCloseCell.m */,
			);
			name = "弹幕控制面板";
			sourceTree = "<group>";
		};
		897EC7B61C72056A00E1B03D /* Model */ = {
			isa = PBXGroup;
			children = (
				897EC7B71C72056A00E1B03D /* BaseModel.h */,
				897EC7B81C72056A00E1B03D /* BaseModel.m */,
				897EC7B91C72056A00E1B03D /* DanMuModel.h */,
				897EC7BA1C72056A00E1B03D /* DanMuModel.m */,
				897EC7BB1C72056A00E1B03D /* LocalVideoModel.h */,
				897EC7BC1C72056A00E1B03D /* LocalVideoModel.m */,
				897EC7BD1C72056A00E1B03D /* MatchModel.h */,
				897EC7BE1C72056A00E1B03D /* MatchModel.m */,
				897EC7BF1C72056A00E1B03D /* SearchModel.h */,
				897EC7C01C72056A00E1B03D /* SearchModel.m */,
				897EC7C11C72056A00E1B03D /* ShiBanModel.h */,
				897EC7C21C72056A00E1B03D /* ShiBanModel.m */,
				897EC7C31C72056A00E1B03D /* VideoInfoModel.h */,
				897EC7C41C72056A00E1B03D /* VideoInfoModel.m */,
			);
			path = Model;
			sourceTree = "<group>";
		};
		89B585041C7D999F0076FB26 /* JHDanmakuRender */ = {
			isa = PBXGroup;
			children = (
				89B585051C7D999F0076FB26 /* Danmaku */,
				89B5850C1C7D999F0076FB26 /* DanmakuContainer.h */,
				89B5850D1C7D999F0076FB26 /* DanmakuContainer.m */,
				89B5850E1C7D999F0076FB26 /* JHDanmakuClock.h */,
				89B5850F1C7D999F0076FB26 /* JHDanmakuClock.m */,
				89B585101C7D999F0076FB26 /* JHDanmakuEngine.h */,
				89B585111C7D999F0076FB26 /* JHDanmakuEngine.m */,
				89B585221C7D9FF50076FB26 /* JHDanmakuCanvas.h */,
				89B585231C7D9FF50076FB26 /* JHDanmakuCanvas.m */,
				89B585121C7D999F0076FB26 /* JHDisplayLink.h */,
				89B585131C7D999F0076FB26 /* JHDisplayLink.m */,
				89B5851E1C7D9B700076FB26 /* JHDanmakuRender.h */,
			);
			path = JHDanmakuRender;
			sourceTree = "<group>";
		};
		89B585051C7D999F0076FB26 /* Danmaku */ = {
			isa = PBXGroup;
			children = (
				89B585081C7D999F0076FB26 /* ParentDanmaku.h */,
				89B585091C7D999F0076FB26 /* ParentDanmaku.m */,
				89B5850A1C7D999F0076FB26 /* ScrollDanmaku.h */,
				89B5850B1C7D999F0076FB26 /* ScrollDanmaku.m */,
				89B585061C7D999F0076FB26 /* FloatDanmaku.h */,
				89B585071C7D999F0076FB26 /* FloatDanmaku.m */,
			);
			path = Danmaku;
			sourceTree = "<group>";
		};
		89E3A7191C60FEC50030C44A /* 播放界面 */ = {
			isa = PBXGroup;
			children = (
				897EC7B51C72024A00E1B03D /* 弹幕控制面板 */,
				8975A0A71C60A03A009BD30F /* PlayerSlideView.h */,
				8975A0A81C60A03A009BD30F /* PlayerSlideView.m */,
				8975A0A91C60A03A009BD30F /* PlayerViewController.h */,
				8975A0AA1C60A03A009BD30F /* PlayerViewController.m */,
				8975A0AB1C60A03A009BD30F /* PlayerViewController.xib */,
				896AEA911C7CB8680011E046 /* PlayerViewControllerMethodManager.h */,
				896AEA921C7CB8680011E046 /* PlayerViewControllerMethodManager.m */,
				89C107101C885B8100090A9A /* DanmakuColorMenuItem.h */,
				89C107111C885B8100090A9A /* DanmakuColorMenuItem.m */,
				89C107131C885FB200090A9A /* DanmakuModeMenuItem.h */,
				89C107141C885FB200090A9A /* DanmakuModeMenuItem.m */,
				8961567F1C6C50570016792B /* PlayerHUDMessageView.h */,
				896156801C6C50570016792B /* PlayerHUDMessageView.m */,
				8975485B1C625B3B0075436B /* PlayerHUDControl.h */,
				8975485C1C625B3B0075436B /* PlayerHUDControl.m */,
				897ECC551C749233008AA5DB /* PlayerListTableView.h */,
				897ECC561C749233008AA5DB /* PlayerListTableView.m */,
				897345B21C7571EC00F64D39 /* PlayerHoldView.h */,
				897345B31C7571EC00F64D39 /* PlayerHoldView.m */,
			);
			name = "播放界面";
			sourceTree = "<group>";
		};
		89E3A71A1C60FEDA0030C44A /* 弹幕选择界面 */ = {
			isa = PBXGroup;
			children = (
				8975A0AF1C60A8EA009BD30F /* DanMuChooseViewController.h */,
				8975A0B01C60A8EA009BD30F /* DanMuChooseViewController.m */,
				8995C9951C64F6F8008C1C02 /* ThirdPartyDanMuChooseViewController.h */,
				8995C9961C64F6F8008C1C02 /* ThirdPartyDanMuChooseViewController.m */,
				8951A1D81C8073AD002472AD /* DownLoadOtherDanmakuViewController.h */,
				8951A1D91C8073AD002472AD /* DownLoadOtherDanmakuViewController.m */,
			);
			name = "弹幕选择界面";
			sourceTree = "<group>";
		};
		89FC23EA1C6F3E68009FD27C /* 截图设置 */ = {
			isa = PBXGroup;
			children = (
				89FC23EC1C6F3EAF009FD27C /* ScreenShotCell.h */,
				89FC23ED1C6F3EAF009FD27C /* ScreenShotCell.m */,
			);
			name = "截图设置";
			sourceTree = "<group>";
		};
		89FC23EB1C6F3E82009FD27C /* 缓存管理 */ = {
			isa = PBXGroup;
			children = (
				89FC23EF1C6F3EC3009FD27C /* CacheManagerCell.h */,
				89FC23F01C6F3EC3009FD27C /* CacheManagerCell.m */,
			);
			name = "缓存管理";
			sourceTree = "<group>";
		};
		A42F97F2000AD1698A3592B2 /* Frameworks */ = {
			isa = PBXGroup;
			children = (
				663B9184163870AB6D8158DB /* libPods-DanDanPlayForMac.a */,
			);
			name = Frameworks;
			sourceTree = "<group>";
		};
/* End PBXGroup section */

/* Begin PBXNativeTarget section */
		89636FCB1C58C40B002F32FD /* DanDanPlayForMac */ = {
			isa = PBXNativeTarget;
			buildConfigurationList = 89636FE01C58C40B002F32FD /* Build configuration list for PBXNativeTarget "DanDanPlayForMac" */;
			buildPhases = (
				F8313CE34A22544C1C999039 /* Check Pods Manifest.lock */,
				89636FC81C58C40B002F32FD /* Sources */,
				89636FC91C58C40B002F32FD /* Frameworks */,
				89636FCA1C58C40B002F32FD /* Resources */,
				4003360A5724A7A0B01CBECA /* Embed Pods Frameworks */,
				422792AA4E212602E2DAC710 /* Copy Pods Resources */,
				896370381C58FCBF002F32FD /* Embed Frameworks */,
			);
			buildRules = (
			);
			dependencies = (
			);
			name = DanDanPlayForMac;
			productName = DanDanPlayForMac;
			productReference = 89636FCC1C58C40B002F32FD /* DanDanPlayForMac.app */;
			productType = "com.apple.product-type.application";
		};
/* End PBXNativeTarget section */

/* Begin PBXProject section */
		89636FC41C58C40A002F32FD /* Project object */ = {
			isa = PBXProject;
			attributes = {
				LastUpgradeCheck = 0700;
				ORGANIZATIONNAME = JimHuang;
				TargetAttributes = {
					89636FCB1C58C40B002F32FD = {
						CreatedOnToolsVersion = 7.0.1;
					};
				};
			};
			buildConfigurationList = 89636FC71C58C40A002F32FD /* Build configuration list for PBXProject "DanDanPlayForMac" */;
			compatibilityVersion = "Xcode 3.2";
			developmentRegion = English;
			hasScannedForEncodings = 0;
			knownRegions = (
				en,
				Base,
			);
			mainGroup = 89636FC31C58C40A002F32FD;
			productRefGroup = 89636FCD1C58C40B002F32FD /* Products */;
			projectDirPath = "";
			projectRoot = "";
			targets = (
				89636FCB1C58C40B002F32FD /* DanDanPlayForMac */,
			);
		};
/* End PBXProject section */

/* Begin PBXResourcesBuildPhase section */
		89636FCA1C58C40B002F32FD /* Resources */ = {
			isa = PBXResourcesBuildPhase;
			buildActionMask = 2147483647;
			files = (
				8983C7751C8853B40080C316 /* danmakuColor.plist in Resources */,
				89636FD91C58C40B002F32FD /* Assets.xcassets in Resources */,
				897368031C70392000B9B765 /* defaultKeyMap.plist in Resources */,
				89636FDC1C58C40B002F32FD /* Main.storyboard in Resources */,
				8975A0AE1C60A03A009BD30F /* PlayerViewController.xib in Resources */,
				8973680B1C70483000B9B765 /* GetKeyViewController.xib in Resources */,
			);
			runOnlyForDeploymentPostprocessing = 0;
		};
/* End PBXResourcesBuildPhase section */

/* Begin PBXShellScriptBuildPhase section */
		4003360A5724A7A0B01CBECA /* Embed Pods Frameworks */ = {
			isa = PBXShellScriptBuildPhase;
			buildActionMask = 2147483647;
			files = (
			);
			inputPaths = (
			);
			name = "Embed Pods Frameworks";
			outputPaths = (
			);
			runOnlyForDeploymentPostprocessing = 0;
			shellPath = /bin/sh;
			shellScript = "\"${SRCROOT}/Pods/Target Support Files/Pods-DanDanPlayForMac/Pods-DanDanPlayForMac-frameworks.sh\"\n";
			showEnvVarsInLog = 0;
		};
		422792AA4E212602E2DAC710 /* Copy Pods Resources */ = {
			isa = PBXShellScriptBuildPhase;
			buildActionMask = 2147483647;
			files = (
			);
			inputPaths = (
			);
			name = "Copy Pods Resources";
			outputPaths = (
			);
			runOnlyForDeploymentPostprocessing = 0;
			shellPath = /bin/sh;
			shellScript = "\"${SRCROOT}/Pods/Target Support Files/Pods-DanDanPlayForMac/Pods-DanDanPlayForMac-resources.sh\"\n";
			showEnvVarsInLog = 0;
		};
		F8313CE34A22544C1C999039 /* Check Pods Manifest.lock */ = {
			isa = PBXShellScriptBuildPhase;
			buildActionMask = 2147483647;
			files = (
			);
			inputPaths = (
			);
			name = "Check Pods Manifest.lock";
			outputPaths = (
			);
			runOnlyForDeploymentPostprocessing = 0;
			shellPath = /bin/sh;
			shellScript = "diff \"${PODS_ROOT}/../Podfile.lock\" \"${PODS_ROOT}/Manifest.lock\" > /dev/null\nif [[ $? != 0 ]] ; then\n    cat << EOM\nerror: The sandbox is not in sync with the Podfile.lock. Run 'pod install' or update your CocoaPods installation.\nEOM\n    exit 1\nfi\n";
			showEnvVarsInLog = 0;
		};
/* End PBXShellScriptBuildPhase section */

/* Begin PBXSourcesBuildPhase section */
		89636FC81C58C40B002F32FD /* Sources */ = {
			isa = PBXSourcesBuildPhase;
			buildActionMask = 2147483647;
			files = (
				8973680A1C70483000B9B765 /* GetKeyViewController.m in Sources */,
				8975A0AC1C60A03A009BD30F /* PlayerSlideView.m in Sources */,
				897EC7C91C72056A00E1B03D /* SearchModel.m in Sources */,
				8975D1D91C6EF4DF003FE797 /* SliderWithTickCell.m in Sources */,
				8975D1EA1C6F2B59003FE797 /* UseFilterExpressionCell.m in Sources */,
				89B585241C7D9FF50076FB26 /* JHDanmakuCanvas.m in Sources */,
				897ECC5A1C74C9F9008AA5DB /* DanMuFastMatchCell.m in Sources */,
				89C04B761C591E5700225ABA /* MainViewController.m in Sources */,
				89636FD41C58C40B002F32FD /* main.m in Sources */,
				897619ED1C59E8520046A245 /* BaseViewModel.m in Sources */,
				8975D1ED1C6F355D003FE797 /* KeyboardSettingCell.m in Sources */,
				897EC7C61C72056A00E1B03D /* DanMuModel.m in Sources */,
				89B585181C7D999F0076FB26 /* JHDanmakuClock.m in Sources */,
				89E15F961C81D7320074CB55 /* RespondKeyboardSearchField.m in Sources */,
				8975D1E31C6F2434003FE797 /* ChangeBackGroundImgCell.m in Sources */,
				895A2B7C1C6D9E3F000FE343 /* OnlyButtonCell.m in Sources */,
				89B585161C7D999F0076FB26 /* ScrollDanmaku.m in Sources */,
				8963705A1C59028C002F32FD /* SearchNetManager.m in Sources */,
				897368111C70708A00B9B765 /* NSString+KeyEvent.m in Sources */,
				89FC23EE1C6F3EAF009FD27C /* ScreenShotCell.m in Sources */,
				897EC7C81C72056A00E1B03D /* MatchModel.m in Sources */,
				897368141C70974400B9B765 /* UserDefaultManager.m in Sources */,
				89761A091C5A5E750046A245 /* MatchViewController.m in Sources */,
				897345C01C759CB200F64D39 /* NSString+Tools.m in Sources */,
				896AEA931C7CB8680011E046 /* PlayerViewControllerMethodManager.m in Sources */,
				896370581C59028C002F32FD /* DanMuNetManager.m in Sources */,
				8975D1DF1C6EF939003FE797 /* CaptionsProtectAreaCell.m in Sources */,
				8975D1CE1C6ECDAB003FE797 /* ThirdPartySearchVideoInfoView.m in Sources */,
				89C107151C885FB200090A9A /* DanmakuModeMenuItem.m in Sources */,
				89761A1C1C5A7B8B0046A245 /* ColorButton.m in Sources */,
				897345BD1C759CB200F64D39 /* NSArray+Tools.m in Sources */,
				897619F21C59E8520046A245 /* SearchViewModel.m in Sources */,
				8983C76D1C8819CC0080C316 /* NSData+DanDanPlay.m in Sources */,
				896347901C6860A000EF63E5 /* NSButton+Tools.m in Sources */,
				8995C9911C648607008C1C02 /* ThirdPartySearchViewController.m in Sources */,
				89C107181C887EA800090A9A /* RespondKeyboardTextField.m in Sources */,
				89636FD11C58C40B002F32FD /* AppDelegate.m in Sources */,
				8975D1E61C6F2A20003FE797 /* DanMuFilterCell.m in Sources */,
				897ECC571C749233008AA5DB /* PlayerListTableView.m in Sources */,
				8975A0B11C60A8EA009BD30F /* DanMuChooseViewController.m in Sources */,
				89B5854B1C7E07270076FB26 /* FilterNetManager.m in Sources */,
				89FC23F11C6F3EC3009FD27C /* CacheManagerCell.m in Sources */,
				897EC7C51C72056A00E1B03D /* BaseModel.m in Sources */,
				897619F91C59EDBC0046A245 /* DanMuChooseViewModel.m in Sources */,
				8975485D1C625B3B0075436B /* PlayerHUDControl.m in Sources */,
				89B5851A1C7D999F0076FB26 /* JHDisplayLink.m in Sources */,
				8965EE3A1C6DBCDD0089E187 /* PreferenceViewModel.m in Sources */,
				89788D361C5E3DB100CA31EF /* SearchViewController.m in Sources */,
				89B585171C7D999F0076FB26 /* DanmakuContainer.m in Sources */,
				8996A6DA1C6CC03000D5AA6E /* HideDanMuAndCloseCell.m in Sources */,
				897548571C61C70A0075436B /* JHVLCMedia.m in Sources */,
				897EC7CA1C72056A00E1B03D /* ShiBanModel.m in Sources */,
				8965EE371C6DB8590089E187 /* PreferenceViewController.m in Sources */,
				89651E3D1C5F81E4002F23A2 /* BackGroundImageView.m in Sources */,
				89A164BE1C6329AA00C0033F /* VLCMedia+Tools.m in Sources */,
				896A716A1C66248800280B79 /* AcFunSearchViewModel.m in Sources */,
				896370571C59028C002F32FD /* BaseNetManager.m in Sources */,
				8951A1DA1C8073AD002472AD /* DownLoadOtherDanmakuViewController.m in Sources */,
				897EC7CB1C72056A00E1B03D /* VideoInfoModel.m in Sources */,
				896370591C59028C002F32FD /* MatchNetManager.m in Sources */,
				89B585141C7D999F0076FB26 /* FloatDanmaku.m in Sources */,
				896A716D1C66276C00280B79 /* ThirdPartySearchViewModel.m in Sources */,
				896370C21C59099C002F32FD /* DanMuDataFormatter.m in Sources */,
				89B585151C7D999F0076FB26 /* ParentDanmaku.m in Sources */,
				8975A0AD1C60A03A009BD30F /* PlayerViewController.m in Sources */,
				8996A6E31C6CE18200D5AA6E /* TimeAxisCell.m in Sources */,
				897619F11C59E8520046A245 /* PlayViewModel.m in Sources */,
				8995C9971C64F6F8008C1C02 /* ThirdPartyDanMuChooseViewController.m in Sources */,
				896A71731C6641C700280B79 /* ThirdPartyDanMuChooseViewModel.m in Sources */,
				896156811C6C50570016792B /* PlayerHUDMessageView.m in Sources */,
				89B585191C7D999F0076FB26 /* JHDanmakuEngine.m in Sources */,
				897345BE1C759CB200F64D39 /* NSData+Tools.m in Sources */,
				89FE1F0B1C5E57BB00FF4586 /* DanDanSearchViewController.m in Sources */,
				89651E491C5FA837002F23A2 /* NSColor+Tools.m in Sources */,
				8946B5CC1C63B1D10042A370 /* BiliBiliSearchViewModel.m in Sources */,
				896A71771C66421500280B79 /* AcFunDanMuChooseViewModel.m in Sources */,
				8995C99A1C64F7FF008C1C02 /* BiliBiliDanMuChooseViewModel.m in Sources */,
				8975D1DC1C6EF634003FE797 /* ChangeFontCell.m in Sources */,
				8996A6E01C6CD95A00D5AA6E /* SliderControlCell.m in Sources */,
				897345BF1C759CB200F64D39 /* NSDictionary+Tools.m in Sources */,
				897345B41C7571EC00F64D39 /* PlayerHoldView.m in Sources */,
				897619F01C59E8520046A245 /* MatchViewModel.m in Sources */,
				89651E401C5F8A9E002F23A2 /* JHProgressHUD.m in Sources */,
				8975D1D61C6EF173003FE797 /* FontSpeciallyCell.m in Sources */,
				89C107121C885B8100090A9A /* DanmakuColorMenuItem.m in Sources */,
				897EC7C71C72056A00E1B03D /* LocalVideoModel.m in Sources */,
				89B585211C7D9D1B0076FB26 /* JHDanmakuEngine+Tools.m in Sources */,
			);
			runOnlyForDeploymentPostprocessing = 0;
		};
/* End PBXSourcesBuildPhase section */

/* Begin PBXVariantGroup section */
		89636FDA1C58C40B002F32FD /* Main.storyboard */ = {
			isa = PBXVariantGroup;
			children = (
				89636FDB1C58C40B002F32FD /* Base */,
			);
			name = Main.storyboard;
			path = ..;
			sourceTree = "<group>";
		};
/* End PBXVariantGroup section */

/* Begin XCBuildConfiguration section */
		89636FDE1C58C40B002F32FD /* Debug */ = {
			isa = XCBuildConfiguration;
			buildSettings = {
				ALWAYS_SEARCH_USER_PATHS = NO;
				CLANG_CXX_LANGUAGE_STANDARD = "gnu++0x";
				CLANG_CXX_LIBRARY = "libc++";
				CLANG_ENABLE_MODULES = YES;
				CLANG_ENABLE_OBJC_ARC = YES;
				CLANG_WARN_BOOL_CONVERSION = YES;
				CLANG_WARN_CONSTANT_CONVERSION = YES;
				CLANG_WARN_DIRECT_OBJC_ISA_USAGE = YES_ERROR;
				CLANG_WARN_EMPTY_BODY = YES;
				CLANG_WARN_ENUM_CONVERSION = YES;
				CLANG_WARN_INT_CONVERSION = YES;
				CLANG_WARN_OBJC_ROOT_CLASS = YES_ERROR;
				CLANG_WARN_UNREACHABLE_CODE = YES;
				CLANG_WARN__DUPLICATE_METHOD_MATCH = YES;
				CODE_SIGN_IDENTITY = "-";
				COPY_PHASE_STRIP = NO;
				DEBUG_INFORMATION_FORMAT = dwarf;
				ENABLE_STRICT_OBJC_MSGSEND = YES;
				ENABLE_TESTABILITY = YES;
				GCC_C_LANGUAGE_STANDARD = gnu99;
				GCC_DYNAMIC_NO_PIC = NO;
				GCC_NO_COMMON_BLOCKS = YES;
				GCC_OPTIMIZATION_LEVEL = 0;
				GCC_PREPROCESSOR_DEFINITIONS = (
					"DEBUG=1",
					"$(inherited)",
				);
				GCC_WARN_64_TO_32_BIT_CONVERSION = YES;
				GCC_WARN_ABOUT_RETURN_TYPE = YES_ERROR;
				GCC_WARN_UNDECLARED_SELECTOR = YES;
				GCC_WARN_UNINITIALIZED_AUTOS = YES_AGGRESSIVE;
				GCC_WARN_UNUSED_FUNCTION = YES;
				GCC_WARN_UNUSED_VARIABLE = YES;
				MACOSX_DEPLOYMENT_TARGET = 10.10;
				MTL_ENABLE_DEBUG_INFO = YES;
				ONLY_ACTIVE_ARCH = YES;
				SDKROOT = macosx;
			};
			name = Debug;
		};
		89636FDF1C58C40B002F32FD /* Release */ = {
			isa = XCBuildConfiguration;
			buildSettings = {
				ALWAYS_SEARCH_USER_PATHS = NO;
				CLANG_CXX_LANGUAGE_STANDARD = "gnu++0x";
				CLANG_CXX_LIBRARY = "libc++";
				CLANG_ENABLE_MODULES = YES;
				CLANG_ENABLE_OBJC_ARC = YES;
				CLANG_WARN_BOOL_CONVERSION = YES;
				CLANG_WARN_CONSTANT_CONVERSION = YES;
				CLANG_WARN_DIRECT_OBJC_ISA_USAGE = YES_ERROR;
				CLANG_WARN_EMPTY_BODY = YES;
				CLANG_WARN_ENUM_CONVERSION = YES;
				CLANG_WARN_INT_CONVERSION = YES;
				CLANG_WARN_OBJC_ROOT_CLASS = YES_ERROR;
				CLANG_WARN_UNREACHABLE_CODE = YES;
				CLANG_WARN__DUPLICATE_METHOD_MATCH = YES;
				CODE_SIGN_IDENTITY = "-";
				COPY_PHASE_STRIP = NO;
				DEBUG_INFORMATION_FORMAT = "dwarf-with-dsym";
				ENABLE_NS_ASSERTIONS = NO;
				ENABLE_STRICT_OBJC_MSGSEND = YES;
				GCC_C_LANGUAGE_STANDARD = gnu99;
				GCC_NO_COMMON_BLOCKS = YES;
				GCC_WARN_64_TO_32_BIT_CONVERSION = YES;
				GCC_WARN_ABOUT_RETURN_TYPE = YES_ERROR;
				GCC_WARN_UNDECLARED_SELECTOR = YES;
				GCC_WARN_UNINITIALIZED_AUTOS = YES_AGGRESSIVE;
				GCC_WARN_UNUSED_FUNCTION = YES;
				GCC_WARN_UNUSED_VARIABLE = YES;
				MACOSX_DEPLOYMENT_TARGET = 10.10;
				MTL_ENABLE_DEBUG_INFO = NO;
				SDKROOT = macosx;
			};
			name = Release;
		};
		89636FE11C58C40B002F32FD /* Debug */ = {
			isa = XCBuildConfiguration;
			baseConfigurationReference = BE4CC565510FBBFF11126BA7 /* Pods-DanDanPlayForMac.debug.xcconfig */;
			buildSettings = {
				ASSETCATALOG_COMPILER_APPICON_NAME = AppIcon;
				CODE_SIGN_IDENTITY = "";
				COMBINE_HIDPI_IMAGES = YES;
				FRAMEWORK_SEARCH_PATHS = (
					"$(inherited)",
					"$(PROJECT_DIR)",
				);
				GCC_PREFIX_HEADER = DanDanPlayForMac/Config/PrefixHeader.pch;
				INFOPLIST_FILE = "$(SRCROOT)/DanDanPlayForMac/Config/Info.plist";
				LD_RUNPATH_SEARCH_PATHS = "$(inherited) @executable_path/../Frameworks";
				MACOSX_DEPLOYMENT_TARGET = 10.9;
				PRODUCT_BUNDLE_IDENTIFIER = com.jim.DanDanPlayForMac;
				PRODUCT_NAME = "$(TARGET_NAME)";
			};
			name = Debug;
		};
		89636FE21C58C40B002F32FD /* Release */ = {
			isa = XCBuildConfiguration;
			baseConfigurationReference = 6082462430812892B6624682 /* Pods-DanDanPlayForMac.release.xcconfig */;
			buildSettings = {
				ASSETCATALOG_COMPILER_APPICON_NAME = AppIcon;
				CODE_SIGN_IDENTITY = "";
				COMBINE_HIDPI_IMAGES = YES;
				FRAMEWORK_SEARCH_PATHS = (
					"$(inherited)",
					"$(PROJECT_DIR)",
				);
				GCC_PREFIX_HEADER = DanDanPlayForMac/Config/PrefixHeader.pch;
				INFOPLIST_FILE = "$(SRCROOT)/DanDanPlayForMac/Config/Info.plist";
				LD_RUNPATH_SEARCH_PATHS = "$(inherited) @executable_path/../Frameworks";
				MACOSX_DEPLOYMENT_TARGET = 10.9;
				PRODUCT_BUNDLE_IDENTIFIER = com.jim.DanDanPlayForMac;
				PRODUCT_NAME = "$(TARGET_NAME)";
			};
			name = Release;
		};
/* End XCBuildConfiguration section */

/* Begin XCConfigurationList section */
		89636FC71C58C40A002F32FD /* Build configuration list for PBXProject "DanDanPlayForMac" */ = {
			isa = XCConfigurationList;
			buildConfigurations = (
				89636FDE1C58C40B002F32FD /* Debug */,
				89636FDF1C58C40B002F32FD /* Release */,
			);
			defaultConfigurationIsVisible = 0;
			defaultConfigurationName = Release;
		};
		89636FE01C58C40B002F32FD /* Build configuration list for PBXNativeTarget "DanDanPlayForMac" */ = {
			isa = XCConfigurationList;
			buildConfigurations = (
				89636FE11C58C40B002F32FD /* Debug */,
				89636FE21C58C40B002F32FD /* Release */,
			);
			defaultConfigurationIsVisible = 0;
			defaultConfigurationName = Release;
		};
/* End XCConfigurationList section */
	};
	rootObject = 89636FC41C58C40A002F32FD /* Project object */;
}
